// !$*UTF8*$!
{
	archiveVersion = 1;
	classes = {
	};
	objectVersion = 60;
	objects = {

/* Begin PBXBuildFile section */
		1B085B2423EDC95B0008724A /* IncomeView.swift in Sources */ = {isa = PBXBuildFile; fileRef = 1B085B2323EDC95B0008724A /* IncomeView.swift */; };
		1B085B2623EDC9660008724A /* ExpensesView.swift in Sources */ = {isa = PBXBuildFile; fileRef = 1B085B2523EDC9660008724A /* ExpensesView.swift */; };
		1B3193A1282DDCDF00AA2038 /* My_AssetsTests.swift in Sources */ = {isa = PBXBuildFile; fileRef = 1B3193A0282DDCDF00AA2038 /* My_AssetsTests.swift */; };
		1B3193A7282DDE7900AA2038 /* FinancialData.swift in Sources */ = {isa = PBXBuildFile; fileRef = 1B31BAB123EC874D00B6E63A /* FinancialData.swift */; };
		1B3193A8282DDE7C00AA2038 /* InsightsGenerator.swift in Sources */ = {isa = PBXBuildFile; fileRef = 1B3823D82802187D0037BAFE /* InsightsGenerator.swift */; };
		1B3193A9282DDE8100AA2038 /* WorldFinanceStats.swift in Sources */ = {isa = PBXBuildFile; fileRef = 1B3823D52802120F0037BAFE /* WorldFinanceStats.swift */; };
		1B3193AA282DDF3A00AA2038 /* Asset.swift in Sources */ = {isa = PBXBuildFile; fileRef = 1B31BABB23ED17C400B6E63A /* Asset.swift */; };
		1B3193AB282DDF3D00AA2038 /* Debt.swift in Sources */ = {isa = PBXBuildFile; fileRef = 1BD76D9E277CC2B200E499A8 /* Debt.swift */; };
		1B3193AC282DDF3F00AA2038 /* Stock.swift in Sources */ = {isa = PBXBuildFile; fileRef = 1BB2F26C23EE11AE00A4478C /* Stock.swift */; };
		1B3193AD282DDF4200AA2038 /* Income.swift in Sources */ = {isa = PBXBuildFile; fileRef = 1BB2F26E23EE11C700A4478C /* Income.swift */; };
		1B3193AE282DDF4400AA2038 /* Expense.swift in Sources */ = {isa = PBXBuildFile; fileRef = 1BB2F27023EE11DE00A4478C /* Expense.swift */; };
		1B3193AF282DDF4600AA2038 /* TimeInterval.swift in Sources */ = {isa = PBXBuildFile; fileRef = 1BE6303E23EE3C7700F1EB93 /* TimeInterval.swift */; };
		1B3193B0282DDF4900AA2038 /* Period.swift in Sources */ = {isa = PBXBuildFile; fileRef = 1BA2CC2F272900C7009F3D40 /* Period.swift */; };
		1B3193B1282DDF4C00AA2038 /* UserType.swift in Sources */ = {isa = PBXBuildFile; fileRef = 1B3823DE280226510037BAFE /* UserType.swift */; };
		1B3193B2282DDF5200AA2038 /* Symbol.swift in Sources */ = {isa = PBXBuildFile; fileRef = 1BA2CC372729ECE2009F3D40 /* Symbol.swift */; };
		1B3193B3282DDF6300AA2038 /* UserDefaults.swift in Sources */ = {isa = PBXBuildFile; fileRef = 1B3F748B2722072400E53FF0 /* UserDefaults.swift */; };
		1B31BAA023EC823F00B6E63A /* RootTabView.swift in Sources */ = {isa = PBXBuildFile; fileRef = 1B31BA9F23EC823F00B6E63A /* RootTabView.swift */; };
		1B31BAA223EC824200B6E63A /* Assets.xcassets in Resources */ = {isa = PBXBuildFile; fileRef = 1B31BAA123EC824200B6E63A /* Assets.xcassets */; };
		1B31BAB023EC85C300B6E63A /* MyAssetsView.swift in Sources */ = {isa = PBXBuildFile; fileRef = 1B31BAAF23EC85C300B6E63A /* MyAssetsView.swift */; };
		1B31BAB223EC874D00B6E63A /* FinancialData.swift in Sources */ = {isa = PBXBuildFile; fileRef = 1B31BAB123EC874D00B6E63A /* FinancialData.swift */; };
		1B31BAB423EC9CAF00B6E63A /* AssetView.swift in Sources */ = {isa = PBXBuildFile; fileRef = 1B31BAB323EC9CAF00B6E63A /* AssetView.swift */; };
		1B31BAB623ECB96700B6E63A /* NewAssetView.swift in Sources */ = {isa = PBXBuildFile; fileRef = 1B31BAB523ECB96700B6E63A /* NewAssetView.swift */; };
		1B31BAB823ECEE2100B6E63A /* NewStockView.swift in Sources */ = {isa = PBXBuildFile; fileRef = 1B31BAB723ECEE2100B6E63A /* NewStockView.swift */; };
		1B31BABA23ECFE6300B6E63A /* OptionalDoubleField.swift in Sources */ = {isa = PBXBuildFile; fileRef = 1B31BAB923ECFE6300B6E63A /* OptionalDoubleField.swift */; };
		1B31BABC23ED17C400B6E63A /* Asset.swift in Sources */ = {isa = PBXBuildFile; fileRef = 1B31BABB23ED17C400B6E63A /* Asset.swift */; };
		1B3823D62802120F0037BAFE /* WorldFinanceStats.swift in Sources */ = {isa = PBXBuildFile; fileRef = 1B3823D52802120F0037BAFE /* WorldFinanceStats.swift */; };
		1B3823D92802187D0037BAFE /* InsightsGenerator.swift in Sources */ = {isa = PBXBuildFile; fileRef = 1B3823D82802187D0037BAFE /* InsightsGenerator.swift */; };
		1B3823DC280225B30037BAFE /* SettingsView.swift in Sources */ = {isa = PBXBuildFile; fileRef = 1B3823DB280225B30037BAFE /* SettingsView.swift */; };
		1B3823DF280226510037BAFE /* UserType.swift in Sources */ = {isa = PBXBuildFile; fileRef = 1B3823DE280226510037BAFE /* UserType.swift */; };
		1B39058F27BCBC5B005599AB /* AmountMarquee.swift in Sources */ = {isa = PBXBuildFile; fileRef = 1B39058E27BCBC5B005599AB /* AmountMarquee.swift */; };
		1B3F748C2722072400E53FF0 /* UserDefaults.swift in Sources */ = {isa = PBXBuildFile; fileRef = 1B3F748B2722072400E53FF0 /* UserDefaults.swift */; };
		1B520E862A749BD300DBA34A /* AmountRow.swift in Sources */ = {isa = PBXBuildFile; fileRef = 1B520E852A749BD300DBA34A /* AmountRow.swift */; };
		1B520E882A749BD300DBA34A /* AmountRow.swift in Sources */ = {isa = PBXBuildFile; fileRef = 1B520E852A749BD300DBA34A /* AmountRow.swift */; };
		1B520E8A2A74A53900DBA34A /* RootTabView.swift in Sources */ = {isa = PBXBuildFile; fileRef = 1B520E892A74A53900DBA34A /* RootTabView.swift */; };
		1B75883E2AA2C94500206201 /* FiveYearChart.swift in Sources */ = {isa = PBXBuildFile; fileRef = 1B75883D2AA2C94500206201 /* FiveYearChart.swift */; };
		1B7588402AA3C57F00206201 /* IncomeView.swift in Sources */ = {isa = PBXBuildFile; fileRef = 1B75883F2AA3C57F00206201 /* IncomeView.swift */; };
		1B7588422AA3C58800206201 /* ExpensesView.swift in Sources */ = {isa = PBXBuildFile; fileRef = 1B7588412AA3C58800206201 /* ExpensesView.swift */; };
		1B8C86DD283F289300EEC921 /* JaydenCodeGenerator in Frameworks */ = {isa = PBXBuildFile; productRef = 1B8C86DC283F289300EEC921 /* JaydenCodeGenerator */; };
		1BA2CC30272900C7009F3D40 /* Period.swift in Sources */ = {isa = PBXBuildFile; fileRef = 1BA2CC2F272900C7009F3D40 /* Period.swift */; };
		1BA2CC3227290294009F3D40 /* SymbolPicker.swift in Sources */ = {isa = PBXBuildFile; fileRef = 1BA2CC3127290294009F3D40 /* SymbolPicker.swift */; };
		1BA2CC342729D2C5009F3D40 /* NewDebtView.swift in Sources */ = {isa = PBXBuildFile; fileRef = 1BA2CC332729D2C5009F3D40 /* NewDebtView.swift */; };
		1BA2CC362729D35F009F3D40 /* DebtView.swift in Sources */ = {isa = PBXBuildFile; fileRef = 1BA2CC352729D35F009F3D40 /* DebtView.swift */; };
		1BA2CC382729ECE2009F3D40 /* Symbol.swift in Sources */ = {isa = PBXBuildFile; fileRef = 1BA2CC372729ECE2009F3D40 /* Symbol.swift */; };
		1BA2CC3E274D45A0009F3D40 /* SymbolImage.swift in Sources */ = {isa = PBXBuildFile; fileRef = 1BA2CC3D274D45A0009F3D40 /* SymbolImage.swift */; };
		1BAB384E2A7496F600FC9543 /* MyAssetsView.swift in Sources */ = {isa = PBXBuildFile; fileRef = 1BAB384D2A7496F600FC9543 /* MyAssetsView.swift */; };
		1BAB384F2A74981F00FC9543 /* Asset.swift in Sources */ = {isa = PBXBuildFile; fileRef = 1B31BABB23ED17C400B6E63A /* Asset.swift */; };
		1BAB38502A74982200FC9543 /* Debt.swift in Sources */ = {isa = PBXBuildFile; fileRef = 1BD76D9E277CC2B200E499A8 /* Debt.swift */; };
		1BAB38512A74982400FC9543 /* Stock.swift in Sources */ = {isa = PBXBuildFile; fileRef = 1BB2F26C23EE11AE00A4478C /* Stock.swift */; };
		1BAB38522A74982700FC9543 /* Income.swift in Sources */ = {isa = PBXBuildFile; fileRef = 1BB2F26E23EE11C700A4478C /* Income.swift */; };
		1BAB38532A74982900FC9543 /* Expense.swift in Sources */ = {isa = PBXBuildFile; fileRef = 1BB2F27023EE11DE00A4478C /* Expense.swift */; };
		1BAB38542A74984600FC9543 /* Symbol.swift in Sources */ = {isa = PBXBuildFile; fileRef = 1BA2CC372729ECE2009F3D40 /* Symbol.swift */; };
		1BAB38552A74984900FC9543 /* Period.swift in Sources */ = {isa = PBXBuildFile; fileRef = 1BA2CC2F272900C7009F3D40 /* Period.swift */; };
		1BAB38562A74985800FC9543 /* TimeInterval.swift in Sources */ = {isa = PBXBuildFile; fileRef = 1BE6303E23EE3C7700F1EB93 /* TimeInterval.swift */; };
		1BAB38572A74989B00FC9543 /* UserType.swift in Sources */ = {isa = PBXBuildFile; fileRef = 1B3823DE280226510037BAFE /* UserType.swift */; };
		1BB2F26D23EE11AE00A4478C /* Stock.swift in Sources */ = {isa = PBXBuildFile; fileRef = 1BB2F26C23EE11AE00A4478C /* Stock.swift */; };
		1BB2F26F23EE11C700A4478C /* Income.swift in Sources */ = {isa = PBXBuildFile; fileRef = 1BB2F26E23EE11C700A4478C /* Income.swift */; };
		1BB2F27123EE11DE00A4478C /* Expense.swift in Sources */ = {isa = PBXBuildFile; fileRef = 1BB2F27023EE11DE00A4478C /* Expense.swift */; };
		1BC0DC2A251B063F00B51FDD /* StockView.swift in Sources */ = {isa = PBXBuildFile; fileRef = 1BC0DC29251B063F00B51FDD /* StockView.swift */; };
		1BC0DC2E251B0B5900B51FDD /* DoubleField.swift in Sources */ = {isa = PBXBuildFile; fileRef = 1BC0DC2D251B0B5900B51FDD /* DoubleField.swift */; };
		1BC52EC423EDE7D000B5B818 /* IncomeSourceView.swift in Sources */ = {isa = PBXBuildFile; fileRef = 1BC52EC323EDE7D000B5B818 /* IncomeSourceView.swift */; };
		1BC52EC623EDE7DF00B5B818 /* ExpenseView.swift in Sources */ = {isa = PBXBuildFile; fileRef = 1BC52EC523EDE7DF00B5B818 /* ExpenseView.swift */; };
		1BC52EC823EDE9F800B5B818 /* NewIncomeSourceView.swift in Sources */ = {isa = PBXBuildFile; fileRef = 1BC52EC723EDE9F800B5B818 /* NewIncomeSourceView.swift */; };
		1BC52ECA23EDEA0500B5B818 /* NewExpenseView.swift in Sources */ = {isa = PBXBuildFile; fileRef = 1BC52EC923EDEA0500B5B818 /* NewExpenseView.swift */; };
		1BC6FE2C2A841DB200DD10FB /* WelcomeKit in Frameworks */ = {isa = PBXBuildFile; productRef = 1BC6FE2B2A841DB200DD10FB /* WelcomeKit */; };
		1BD45D3427F25ED8008E07A9 /* MyAssetsApp.swift in Sources */ = {isa = PBXBuildFile; fileRef = 1BD45D3327F25ED8008E07A9 /* MyAssetsApp.swift */; };
		1BD76D9F277CC2B200E499A8 /* Debt.swift in Sources */ = {isa = PBXBuildFile; fileRef = 1BD76D9E277CC2B200E499A8 /* Debt.swift */; };
		1BE162422A74928B00E4907D /* My_Assets__watchOS_App.swift in Sources */ = {isa = PBXBuildFile; fileRef = 1BE162412A74928B00E4907D /* My_Assets__watchOS_App.swift */; };
		1BE162462A74928D00E4907D /* Assets.xcassets in Resources */ = {isa = PBXBuildFile; fileRef = 1BE162452A74928D00E4907D /* Assets.xcassets */; };
		1BE162492A74928D00E4907D /* Preview Assets.xcassets in Resources */ = {isa = PBXBuildFile; fileRef = 1BE162482A74928D00E4907D /* Preview Assets.xcassets */; };
		1BE1624C2A74928D00E4907D /* My Assets.app in Embed Watch Content */ = {isa = PBXBuildFile; fileRef = 1BE1623F2A74928B00E4907D /* My Assets.app */; platformFilter = ios; settings = {ATTRIBUTES = (RemoveHeadersOnCopy, ); }; };
		1BE162522A74954F00E4907D /* FinancialData.swift in Sources */ = {isa = PBXBuildFile; fileRef = 1B31BAB123EC874D00B6E63A /* FinancialData.swift */; };
		1BE162532A74955600E4907D /* UserDefaults.swift in Sources */ = {isa = PBXBuildFile; fileRef = 1B3F748B2722072400E53FF0 /* UserDefaults.swift */; };
		1BE162542A74963700E4907D /* SymbolImage.swift in Sources */ = {isa = PBXBuildFile; fileRef = 1BA2CC3D274D45A0009F3D40 /* SymbolImage.swift */; };
		1BE6303F23EE3C7700F1EB93 /* TimeInterval.swift in Sources */ = {isa = PBXBuildFile; fileRef = 1BE6303E23EE3C7700F1EB93 /* TimeInterval.swift */; };
/* End PBXBuildFile section */

/* Begin PBXContainerItemProxy section */
		1B3193A2282DDCDF00AA2038 /* PBXContainerItemProxy */ = {
			isa = PBXContainerItemProxy;
			containerPortal = 1B31BA9023EC823F00B6E63A /* Project object */;
			proxyType = 1;
			remoteGlobalIDString = 1B31BA9723EC823F00B6E63A;
			remoteInfo = "My Assets";
		};
		1BE1624A2A74928D00E4907D /* PBXContainerItemProxy */ = {
			isa = PBXContainerItemProxy;
			containerPortal = 1B31BA9023EC823F00B6E63A /* Project object */;
			proxyType = 1;
			remoteGlobalIDString = 1BE1623E2A74928B00E4907D;
			remoteInfo = "My Assets (watchOS) Watch App";
		};
/* End PBXContainerItemProxy section */

/* Begin PBXCopyFilesBuildPhase section */
		1BE1624D2A74928D00E4907D /* Embed Watch Content */ = {
			isa = PBXCopyFilesBuildPhase;
			buildActionMask = 2147483647;
			dstPath = "$(CONTENTS_FOLDER_PATH)/Watch";
			dstSubfolderSpec = 16;
			files = (
				1BE1624C2A74928D00E4907D /* My Assets.app in Embed Watch Content */,
			);
			name = "Embed Watch Content";
			runOnlyForDeploymentPostprocessing = 0;
		};
/* End PBXCopyFilesBuildPhase section */

/* Begin PBXFileReference section */
		1B085B2323EDC95B0008724A /* IncomeView.swift */ = {isa = PBXFileReference; lastKnownFileType = sourcecode.swift; path = IncomeView.swift; sourceTree = "<group>"; };
		1B085B2523EDC9660008724A /* ExpensesView.swift */ = {isa = PBXFileReference; lastKnownFileType = sourcecode.swift; path = ExpensesView.swift; sourceTree = "<group>"; };
		1B31939E282DDCDF00AA2038 /* My AssetsTests.xctest */ = {isa = PBXFileReference; explicitFileType = wrapper.cfbundle; includeInIndex = 0; path = "My AssetsTests.xctest"; sourceTree = BUILT_PRODUCTS_DIR; };
		1B3193A0282DDCDF00AA2038 /* My_AssetsTests.swift */ = {isa = PBXFileReference; lastKnownFileType = sourcecode.swift; path = My_AssetsTests.swift; sourceTree = "<group>"; };
		1B31BA9823EC823F00B6E63A /* My Assets.app */ = {isa = PBXFileReference; explicitFileType = wrapper.application; includeInIndex = 0; path = "My Assets.app"; sourceTree = BUILT_PRODUCTS_DIR; };
		1B31BA9F23EC823F00B6E63A /* RootTabView.swift */ = {isa = PBXFileReference; lastKnownFileType = sourcecode.swift; path = RootTabView.swift; sourceTree = "<group>"; };
		1B31BAA123EC824200B6E63A /* Assets.xcassets */ = {isa = PBXFileReference; lastKnownFileType = folder.assetcatalog; path = Assets.xcassets; sourceTree = "<group>"; };
		1B31BAA923EC824200B6E63A /* Info.plist */ = {isa = PBXFileReference; lastKnownFileType = text.plist.xml; path = Info.plist; sourceTree = "<group>"; };
		1B31BAAF23EC85C300B6E63A /* MyAssetsView.swift */ = {isa = PBXFileReference; lastKnownFileType = sourcecode.swift; path = MyAssetsView.swift; sourceTree = "<group>"; };
		1B31BAB123EC874D00B6E63A /* FinancialData.swift */ = {isa = PBXFileReference; lastKnownFileType = sourcecode.swift; path = FinancialData.swift; sourceTree = "<group>"; };
		1B31BAB323EC9CAF00B6E63A /* AssetView.swift */ = {isa = PBXFileReference; lastKnownFileType = sourcecode.swift; path = AssetView.swift; sourceTree = "<group>"; };
		1B31BAB523ECB96700B6E63A /* NewAssetView.swift */ = {isa = PBXFileReference; lastKnownFileType = sourcecode.swift; path = NewAssetView.swift; sourceTree = "<group>"; };
		1B31BAB723ECEE2100B6E63A /* NewStockView.swift */ = {isa = PBXFileReference; lastKnownFileType = sourcecode.swift; path = NewStockView.swift; sourceTree = "<group>"; };
		1B31BAB923ECFE6300B6E63A /* OptionalDoubleField.swift */ = {isa = PBXFileReference; lastKnownFileType = sourcecode.swift; path = OptionalDoubleField.swift; sourceTree = "<group>"; };
		1B31BABB23ED17C400B6E63A /* Asset.swift */ = {isa = PBXFileReference; lastKnownFileType = sourcecode.swift; path = Asset.swift; sourceTree = "<group>"; };
		1B3823D52802120F0037BAFE /* WorldFinanceStats.swift */ = {isa = PBXFileReference; lastKnownFileType = sourcecode.swift; path = WorldFinanceStats.swift; sourceTree = "<group>"; };
		1B3823D82802187D0037BAFE /* InsightsGenerator.swift */ = {isa = PBXFileReference; lastKnownFileType = sourcecode.swift; path = InsightsGenerator.swift; sourceTree = "<group>"; };
		1B3823DB280225B30037BAFE /* SettingsView.swift */ = {isa = PBXFileReference; lastKnownFileType = sourcecode.swift; path = SettingsView.swift; sourceTree = "<group>"; };
		1B3823DE280226510037BAFE /* UserType.swift */ = {isa = PBXFileReference; lastKnownFileType = sourcecode.swift; path = UserType.swift; sourceTree = "<group>"; };
		1B39058E27BCBC5B005599AB /* AmountMarquee.swift */ = {isa = PBXFileReference; lastKnownFileType = sourcecode.swift; path = AmountMarquee.swift; sourceTree = "<group>"; };
		1B3F748B2722072400E53FF0 /* UserDefaults.swift */ = {isa = PBXFileReference; lastKnownFileType = sourcecode.swift; path = UserDefaults.swift; sourceTree = "<group>"; };
		1B520E852A749BD300DBA34A /* AmountRow.swift */ = {isa = PBXFileReference; fileEncoding = 4; lastKnownFileType = sourcecode.swift; path = AmountRow.swift; sourceTree = "<group>"; };
		1B520E892A74A53900DBA34A /* RootTabView.swift */ = {isa = PBXFileReference; lastKnownFileType = sourcecode.swift; path = RootTabView.swift; sourceTree = "<group>"; };
		1B704A422A799599006D701E /* My-Assets--watchOS--Watch-App-Info.plist */ = {isa = PBXFileReference; lastKnownFileType = text.plist; path = "My-Assets--watchOS--Watch-App-Info.plist"; sourceTree = SOURCE_ROOT; };
		1B75883D2AA2C94500206201 /* FiveYearChart.swift */ = {isa = PBXFileReference; lastKnownFileType = sourcecode.swift; path = FiveYearChart.swift; sourceTree = "<group>"; };
		1B75883F2AA3C57F00206201 /* IncomeView.swift */ = {isa = PBXFileReference; lastKnownFileType = sourcecode.swift; path = IncomeView.swift; sourceTree = "<group>"; };
		1B7588412AA3C58800206201 /* ExpensesView.swift */ = {isa = PBXFileReference; lastKnownFileType = sourcecode.swift; path = ExpensesView.swift; sourceTree = "<group>"; };
		1BA2CC2F272900C7009F3D40 /* Period.swift */ = {isa = PBXFileReference; lastKnownFileType = sourcecode.swift; path = Period.swift; sourceTree = "<group>"; };
		1BA2CC3127290294009F3D40 /* SymbolPicker.swift */ = {isa = PBXFileReference; lastKnownFileType = sourcecode.swift; path = SymbolPicker.swift; sourceTree = "<group>"; };
		1BA2CC332729D2C5009F3D40 /* NewDebtView.swift */ = {isa = PBXFileReference; lastKnownFileType = sourcecode.swift; path = NewDebtView.swift; sourceTree = "<group>"; };
		1BA2CC352729D35F009F3D40 /* DebtView.swift */ = {isa = PBXFileReference; lastKnownFileType = sourcecode.swift; path = DebtView.swift; sourceTree = "<group>"; };
		1BA2CC372729ECE2009F3D40 /* Symbol.swift */ = {isa = PBXFileReference; lastKnownFileType = sourcecode.swift; path = Symbol.swift; sourceTree = "<group>"; };
		1BA2CC3D274D45A0009F3D40 /* SymbolImage.swift */ = {isa = PBXFileReference; lastKnownFileType = sourcecode.swift; path = SymbolImage.swift; sourceTree = "<group>"; };
		1BAB384D2A7496F600FC9543 /* MyAssetsView.swift */ = {isa = PBXFileReference; fileEncoding = 4; lastKnownFileType = sourcecode.swift; path = MyAssetsView.swift; sourceTree = "<group>"; };
		1BAB38582A749A1600FC9543 /* My Assets (watchOS) Watch App.entitlements */ = {isa = PBXFileReference; lastKnownFileType = text.plist.entitlements; path = "My Assets (watchOS) Watch App.entitlements"; sourceTree = "<group>"; };
		1BB2F26C23EE11AE00A4478C /* Stock.swift */ = {isa = PBXFileReference; lastKnownFileType = sourcecode.swift; path = Stock.swift; sourceTree = "<group>"; };
		1BB2F26E23EE11C700A4478C /* Income.swift */ = {isa = PBXFileReference; lastKnownFileType = sourcecode.swift; path = Income.swift; sourceTree = "<group>"; };
		1BB2F27023EE11DE00A4478C /* Expense.swift */ = {isa = PBXFileReference; lastKnownFileType = sourcecode.swift; path = Expense.swift; sourceTree = "<group>"; };
		1BB2F27223EE3B5E00A4478C /* My Assets.entitlements */ = {isa = PBXFileReference; lastKnownFileType = text.plist.entitlements; path = "My Assets.entitlements"; sourceTree = "<group>"; };
		1BC0DC29251B063F00B51FDD /* StockView.swift */ = {isa = PBXFileReference; lastKnownFileType = sourcecode.swift; path = StockView.swift; sourceTree = "<group>"; };
		1BC0DC2D251B0B5900B51FDD /* DoubleField.swift */ = {isa = PBXFileReference; lastKnownFileType = sourcecode.swift; path = DoubleField.swift; sourceTree = "<group>"; };
		1BC52EC323EDE7D000B5B818 /* IncomeSourceView.swift */ = {isa = PBXFileReference; lastKnownFileType = sourcecode.swift; path = IncomeSourceView.swift; sourceTree = "<group>"; };
		1BC52EC523EDE7DF00B5B818 /* ExpenseView.swift */ = {isa = PBXFileReference; lastKnownFileType = sourcecode.swift; path = ExpenseView.swift; sourceTree = "<group>"; };
		1BC52EC723EDE9F800B5B818 /* NewIncomeSourceView.swift */ = {isa = PBXFileReference; lastKnownFileType = sourcecode.swift; path = NewIncomeSourceView.swift; sourceTree = "<group>"; };
		1BC52EC923EDEA0500B5B818 /* NewExpenseView.swift */ = {isa = PBXFileReference; lastKnownFileType = sourcecode.swift; path = NewExpenseView.swift; sourceTree = "<group>"; };
		1BD45D3327F25ED8008E07A9 /* MyAssetsApp.swift */ = {isa = PBXFileReference; lastKnownFileType = sourcecode.swift; path = MyAssetsApp.swift; sourceTree = "<group>"; };
		1BD76D9E277CC2B200E499A8 /* Debt.swift */ = {isa = PBXFileReference; lastKnownFileType = sourcecode.swift; path = Debt.swift; sourceTree = "<group>"; };
		1BE1623F2A74928B00E4907D /* My Assets.app */ = {isa = PBXFileReference; explicitFileType = wrapper.application; includeInIndex = 0; path = "My Assets.app"; sourceTree = BUILT_PRODUCTS_DIR; };
		1BE162412A74928B00E4907D /* My_Assets__watchOS_App.swift */ = {isa = PBXFileReference; lastKnownFileType = sourcecode.swift; path = My_Assets__watchOS_App.swift; sourceTree = "<group>"; };
		1BE162452A74928D00E4907D /* Assets.xcassets */ = {isa = PBXFileReference; lastKnownFileType = folder.assetcatalog; path = Assets.xcassets; sourceTree = "<group>"; };
		1BE162482A74928D00E4907D /* Preview Assets.xcassets */ = {isa = PBXFileReference; lastKnownFileType = folder.assetcatalog; path = "Preview Assets.xcassets"; sourceTree = "<group>"; };
		1BE6303E23EE3C7700F1EB93 /* TimeInterval.swift */ = {isa = PBXFileReference; lastKnownFileType = sourcecode.swift; path = TimeInterval.swift; sourceTree = "<group>"; };
/* End PBXFileReference section */

/* Begin PBXFrameworksBuildPhase section */
		1B31939B282DDCDF00AA2038 /* Frameworks */ = {
			isa = PBXFrameworksBuildPhase;
			buildActionMask = 2147483647;
			files = (
			);
			runOnlyForDeploymentPostprocessing = 0;
		};
		1B31BA9523EC823F00B6E63A /* Frameworks */ = {
			isa = PBXFrameworksBuildPhase;
			buildActionMask = 2147483647;
			files = (
				1BC6FE2C2A841DB200DD10FB /* WelcomeKit in Frameworks */,
				1B8C86DD283F289300EEC921 /* JaydenCodeGenerator in Frameworks */,
			);
			runOnlyForDeploymentPostprocessing = 0;
		};
		1BE1623C2A74928B00E4907D /* Frameworks */ = {
			isa = PBXFrameworksBuildPhase;
			buildActionMask = 2147483647;
			files = (
			);
			runOnlyForDeploymentPostprocessing = 0;
		};
/* End PBXFrameworksBuildPhase section */

/* Begin PBXGroup section */
		1B085B2123EDC9170008724A /* My Assets */ = {
			isa = PBXGroup;
			children = (
				1B31BAAF23EC85C300B6E63A /* MyAssetsView.swift */,
				1B39058E27BCBC5B005599AB /* AmountMarquee.swift */,
				1B75883D2AA2C94500206201 /* FiveYearChart.swift */,
				1B31BAB323EC9CAF00B6E63A /* AssetView.swift */,
				1BA2CC352729D35F009F3D40 /* DebtView.swift */,
				1BC0DC29251B063F00B51FDD /* StockView.swift */,
				1B31BAB523ECB96700B6E63A /* NewAssetView.swift */,
				1BA2CC332729D2C5009F3D40 /* NewDebtView.swift */,
				1B31BAB723ECEE2100B6E63A /* NewStockView.swift */,
			);
			path = "My Assets";
			sourceTree = "<group>";
		};
		1B085B2223EDC9340008724A /* Model */ = {
			isa = PBXGroup;
			children = (
				1B31BAB123EC874D00B6E63A /* FinancialData.swift */,
				1B3823D52802120F0037BAFE /* WorldFinanceStats.swift */,
				1B3823D82802187D0037BAFE /* InsightsGenerator.swift */,
				1B31BABB23ED17C400B6E63A /* Asset.swift */,
				1BD76D9E277CC2B200E499A8 /* Debt.swift */,
				1BB2F26C23EE11AE00A4478C /* Stock.swift */,
				1BB2F26E23EE11C700A4478C /* Income.swift */,
				1BB2F27023EE11DE00A4478C /* Expense.swift */,
				1BE6303E23EE3C7700F1EB93 /* TimeInterval.swift */,
				1BA2CC2F272900C7009F3D40 /* Period.swift */,
				1B3823DE280226510037BAFE /* UserType.swift */,
				1BA2CC372729ECE2009F3D40 /* Symbol.swift */,
				1B3F748B2722072400E53FF0 /* UserDefaults.swift */,
			);
			path = Model;
			sourceTree = "<group>";
		};
		1B085B2723EDC96F0008724A /* Income */ = {
			isa = PBXGroup;
			children = (
				1B085B2323EDC95B0008724A /* IncomeView.swift */,
				1BC52EC323EDE7D000B5B818 /* IncomeSourceView.swift */,
				1BC52EC723EDE9F800B5B818 /* NewIncomeSourceView.swift */,
			);
			path = Income;
			sourceTree = "<group>";
		};
		1B085B2823EDC9750008724A /* Expenses */ = {
			isa = PBXGroup;
			children = (
				1B085B2523EDC9660008724A /* ExpensesView.swift */,
				1BC52EC523EDE7DF00B5B818 /* ExpenseView.swift */,
				1BC52EC923EDEA0500B5B818 /* NewExpenseView.swift */,
			);
			path = Expenses;
			sourceTree = "<group>";
		};
		1B31939F282DDCDF00AA2038 /* My AssetsTests */ = {
			isa = PBXGroup;
			children = (
				1B3193A0282DDCDF00AA2038 /* My_AssetsTests.swift */,
			);
			path = "My AssetsTests";
			sourceTree = "<group>";
		};
		1B31BA8F23EC823F00B6E63A = {
			isa = PBXGroup;
			children = (
				1B31BA9A23EC823F00B6E63A /* My Assets */,
				1B31939F282DDCDF00AA2038 /* My AssetsTests */,
				1BE162402A74928B00E4907D /* My Assets (watchOS) Watch App */,
				1B31BA9923EC823F00B6E63A /* Products */,
				1BB7E5A927F0116700D51084 /* Frameworks */,
			);
			sourceTree = "<group>";
		};
		1B31BA9923EC823F00B6E63A /* Products */ = {
			isa = PBXGroup;
			children = (
				1B31BA9823EC823F00B6E63A /* My Assets.app */,
				1B31939E282DDCDF00AA2038 /* My AssetsTests.xctest */,
				1BE1623F2A74928B00E4907D /* My Assets.app */,
			);
			name = Products;
			sourceTree = "<group>";
		};
		1B31BA9A23EC823F00B6E63A /* My Assets */ = {
			isa = PBXGroup;
			children = (
				1BB2F27223EE3B5E00A4478C /* My Assets.entitlements */,
				1BD45D3327F25ED8008E07A9 /* MyAssetsApp.swift */,
				1B31BA9F23EC823F00B6E63A /* RootTabView.swift */,
				1BC0DC2D251B0B5900B51FDD /* DoubleField.swift */,
				1B31BAB923ECFE6300B6E63A /* OptionalDoubleField.swift */,
				1BA2CC3127290294009F3D40 /* SymbolPicker.swift */,
				1BA2CC3D274D45A0009F3D40 /* SymbolImage.swift */,
				1B520E852A749BD300DBA34A /* AmountRow.swift */,
				1B3823DB280225B30037BAFE /* SettingsView.swift */,
				1B085B2123EDC9170008724A /* My Assets */,
				1B085B2723EDC96F0008724A /* Income */,
				1B085B2823EDC9750008724A /* Expenses */,
				1B085B2223EDC9340008724A /* Model */,
				1B31BAA123EC824200B6E63A /* Assets.xcassets */,
				1B31BAA923EC824200B6E63A /* Info.plist */,
			);
			path = "My Assets";
			sourceTree = "<group>";
		};
		1BB7E5A927F0116700D51084 /* Frameworks */ = {
			isa = PBXGroup;
			children = (
			);
			name = Frameworks;
			sourceTree = "<group>";
		};
		1BE162402A74928B00E4907D /* My Assets (watchOS) Watch App */ = {
			isa = PBXGroup;
			children = (
				1B704A422A799599006D701E /* My-Assets--watchOS--Watch-App-Info.plist */,
				1BAB38582A749A1600FC9543 /* My Assets (watchOS) Watch App.entitlements */,
				1BE162412A74928B00E4907D /* My_Assets__watchOS_App.swift */,
				1B520E892A74A53900DBA34A /* RootTabView.swift */,
				1BAB384D2A7496F600FC9543 /* MyAssetsView.swift */,
				1B75883F2AA3C57F00206201 /* IncomeView.swift */,
				1B7588412AA3C58800206201 /* ExpensesView.swift */,
				1BE162452A74928D00E4907D /* Assets.xcassets */,
				1BE162472A74928D00E4907D /* Preview Content */,
			);
			path = "My Assets (watchOS) Watch App";
			sourceTree = "<group>";
		};
		1BE162472A74928D00E4907D /* Preview Content */ = {
			isa = PBXGroup;
			children = (
				1BE162482A74928D00E4907D /* Preview Assets.xcassets */,
			);
			path = "Preview Content";
			sourceTree = "<group>";
		};
/* End PBXGroup section */

/* Begin PBXNativeTarget section */
		1B31939D282DDCDF00AA2038 /* My AssetsTests */ = {
			isa = PBXNativeTarget;
			buildConfigurationList = 1B3193A6282DDCDF00AA2038 /* Build configuration list for PBXNativeTarget "My AssetsTests" */;
			buildPhases = (
				1B31939A282DDCDF00AA2038 /* Sources */,
				1B31939B282DDCDF00AA2038 /* Frameworks */,
				1B31939C282DDCDF00AA2038 /* Resources */,
			);
			buildRules = (
			);
			dependencies = (
				1B3193A3282DDCDF00AA2038 /* PBXTargetDependency */,
			);
			name = "My AssetsTests";
			productName = "My AssetsTests";
			productReference = 1B31939E282DDCDF00AA2038 /* My AssetsTests.xctest */;
			productType = "com.apple.product-type.bundle.unit-test";
		};
		1B31BA9723EC823F00B6E63A /* My Assets */ = {
			isa = PBXNativeTarget;
			buildConfigurationList = 1B31BAAC23EC824200B6E63A /* Build configuration list for PBXNativeTarget "My Assets" */;
			buildPhases = (
				1B31BA9423EC823F00B6E63A /* Sources */,
				1B31BA9523EC823F00B6E63A /* Frameworks */,
				1B31BA9623EC823F00B6E63A /* Resources */,
				1BE1624D2A74928D00E4907D /* Embed Watch Content */,
			);
			buildRules = (
			);
			dependencies = (
				1BE1624B2A74928D00E4907D /* PBXTargetDependency */,
			);
			name = "My Assets";
			packageProductDependencies = (
				1B8C86DC283F289300EEC921 /* JaydenCodeGenerator */,
				1BC6FE2B2A841DB200DD10FB /* WelcomeKit */,
			);
			productName = "My Assets";
			productReference = 1B31BA9823EC823F00B6E63A /* My Assets.app */;
			productType = "com.apple.product-type.application";
		};
		1BE1623E2A74928B00E4907D /* My Assets (watchOS) Watch App */ = {
			isa = PBXNativeTarget;
			buildConfigurationList = 1BE162502A74928D00E4907D /* Build configuration list for PBXNativeTarget "My Assets (watchOS) Watch App" */;
			buildPhases = (
				1BE1623B2A74928B00E4907D /* Sources */,
				1BE1623C2A74928B00E4907D /* Frameworks */,
				1BE1623D2A74928B00E4907D /* Resources */,
			);
			buildRules = (
			);
			dependencies = (
			);
			name = "My Assets (watchOS) Watch App";
			productName = "My Assets (watchOS) Watch App";
			productReference = 1BE1623F2A74928B00E4907D /* My Assets.app */;
			productType = "com.apple.product-type.application";
		};
/* End PBXNativeTarget section */

/* Begin PBXProject section */
		1B31BA9023EC823F00B6E63A /* Project object */ = {
			isa = PBXProject;
			attributes = {
				BuildIndependentTargetsInParallel = YES;
				LastSwiftUpdateCheck = 1500;
				LastUpgradeCheck = 1500;
				ORGANIZATIONNAME = "Jayden Irwin";
				TargetAttributes = {
					1B31939D282DDCDF00AA2038 = {
						CreatedOnToolsVersion = 13.3.1;
						TestTargetID = 1B31BA9723EC823F00B6E63A;
					};
					1B31BA9723EC823F00B6E63A = {
						CreatedOnToolsVersion = 11.3.1;
					};
					1BE1623E2A74928B00E4907D = {
						CreatedOnToolsVersion = 15.0;
					};
				};
			};
			buildConfigurationList = 1B31BA9323EC823F00B6E63A /* Build configuration list for PBXProject "My Assets" */;
			compatibilityVersion = "Xcode 15.0";
			developmentRegion = en;
			hasScannedForEncodings = 0;
			knownRegions = (
				en,
				Base,
			);
			mainGroup = 1B31BA8F23EC823F00B6E63A;
			packageReferences = (
				1B8C86DB283F289300EEC921 /* XCRemoteSwiftPackageReference "JaydenCodeGenerator" */,
				1BC6FE2A2A841DB200DD10FB /* XCRemoteSwiftPackageReference "WelcomeKit" */,
			);
			productRefGroup = 1B31BA9923EC823F00B6E63A /* Products */;
			projectDirPath = "";
			projectRoot = "";
			targets = (
				1B31BA9723EC823F00B6E63A /* My Assets */,
				1B31939D282DDCDF00AA2038 /* My AssetsTests */,
				1BE1623E2A74928B00E4907D /* My Assets (watchOS) Watch App */,
			);
		};
/* End PBXProject section */

/* Begin PBXResourcesBuildPhase section */
		1B31939C282DDCDF00AA2038 /* Resources */ = {
			isa = PBXResourcesBuildPhase;
			buildActionMask = 2147483647;
			files = (
			);
			runOnlyForDeploymentPostprocessing = 0;
		};
		1B31BA9623EC823F00B6E63A /* Resources */ = {
			isa = PBXResourcesBuildPhase;
			buildActionMask = 2147483647;
			files = (
				1B31BAA223EC824200B6E63A /* Assets.xcassets in Resources */,
			);
			runOnlyForDeploymentPostprocessing = 0;
		};
		1BE1623D2A74928B00E4907D /* Resources */ = {
			isa = PBXResourcesBuildPhase;
			buildActionMask = 2147483647;
			files = (
				1BE162492A74928D00E4907D /* Preview Assets.xcassets in Resources */,
				1BE162462A74928D00E4907D /* Assets.xcassets in Resources */,
			);
			runOnlyForDeploymentPostprocessing = 0;
		};
/* End PBXResourcesBuildPhase section */

/* Begin PBXSourcesBuildPhase section */
		1B31939A282DDCDF00AA2038 /* Sources */ = {
			isa = PBXSourcesBuildPhase;
			buildActionMask = 2147483647;
			files = (
				1B3193AB282DDF3D00AA2038 /* Debt.swift in Sources */,
				1B3193B0282DDF4900AA2038 /* Period.swift in Sources */,
				1B3193B1282DDF4C00AA2038 /* UserType.swift in Sources */,
				1B3193AF282DDF4600AA2038 /* TimeInterval.swift in Sources */,
				1B3193A1282DDCDF00AA2038 /* My_AssetsTests.swift in Sources */,
				1B3193B2282DDF5200AA2038 /* Symbol.swift in Sources */,
				1B3193AD282DDF4200AA2038 /* Income.swift in Sources */,
				1B3193A9282DDE8100AA2038 /* WorldFinanceStats.swift in Sources */,
				1B3193AC282DDF3F00AA2038 /* Stock.swift in Sources */,
				1B3193AA282DDF3A00AA2038 /* Asset.swift in Sources */,
				1B3193AE282DDF4400AA2038 /* Expense.swift in Sources */,
				1B3193A7282DDE7900AA2038 /* FinancialData.swift in Sources */,
				1B3193B3282DDF6300AA2038 /* UserDefaults.swift in Sources */,
				1B3193A8282DDE7C00AA2038 /* InsightsGenerator.swift in Sources */,
			);
			runOnlyForDeploymentPostprocessing = 0;
		};
		1B31BA9423EC823F00B6E63A /* Sources */ = {
			isa = PBXSourcesBuildPhase;
			buildActionMask = 2147483647;
			files = (
				1BA2CC342729D2C5009F3D40 /* NewDebtView.swift in Sources */,
				1BC52EC423EDE7D000B5B818 /* IncomeSourceView.swift in Sources */,
				1BE6303F23EE3C7700F1EB93 /* TimeInterval.swift in Sources */,
				1BB2F26D23EE11AE00A4478C /* Stock.swift in Sources */,
				1BD76D9F277CC2B200E499A8 /* Debt.swift in Sources */,
				1B3823D92802187D0037BAFE /* InsightsGenerator.swift in Sources */,
				1B31BAB023EC85C300B6E63A /* MyAssetsView.swift in Sources */,
				1BC0DC2E251B0B5900B51FDD /* DoubleField.swift in Sources */,
				1B3F748C2722072400E53FF0 /* UserDefaults.swift in Sources */,
				1BB2F26F23EE11C700A4478C /* Income.swift in Sources */,
				1BC52EC623EDE7DF00B5B818 /* ExpenseView.swift in Sources */,
				1B75883E2AA2C94500206201 /* FiveYearChart.swift in Sources */,
				1B31BAB223EC874D00B6E63A /* FinancialData.swift in Sources */,
				1BA2CC382729ECE2009F3D40 /* Symbol.swift in Sources */,
				1BA2CC30272900C7009F3D40 /* Period.swift in Sources */,
				1BC0DC2A251B063F00B51FDD /* StockView.swift in Sources */,
				1BD45D3427F25ED8008E07A9 /* MyAssetsApp.swift in Sources */,
				1B085B2423EDC95B0008724A /* IncomeView.swift in Sources */,
				1B31BAA023EC823F00B6E63A /* RootTabView.swift in Sources */,
				1BA2CC362729D35F009F3D40 /* DebtView.swift in Sources */,
				1B3823D62802120F0037BAFE /* WorldFinanceStats.swift in Sources */,
				1B3823DC280225B30037BAFE /* SettingsView.swift in Sources */,
				1B31BABA23ECFE6300B6E63A /* OptionalDoubleField.swift in Sources */,
				1BA2CC3E274D45A0009F3D40 /* SymbolImage.swift in Sources */,
				1B085B2623EDC9660008724A /* ExpensesView.swift in Sources */,
				1B39058F27BCBC5B005599AB /* AmountMarquee.swift in Sources */,
				1B31BAB623ECB96700B6E63A /* NewAssetView.swift in Sources */,
				1B31BAB823ECEE2100B6E63A /* NewStockView.swift in Sources */,
				1BC52ECA23EDEA0500B5B818 /* NewExpenseView.swift in Sources */,
				1BC52EC823EDE9F800B5B818 /* NewIncomeSourceView.swift in Sources */,
				1B520E862A749BD300DBA34A /* AmountRow.swift in Sources */,
				1B31BAB423EC9CAF00B6E63A /* AssetView.swift in Sources */,
				1B3823DF280226510037BAFE /* UserType.swift in Sources */,
				1BA2CC3227290294009F3D40 /* SymbolPicker.swift in Sources */,
				1BB2F27123EE11DE00A4478C /* Expense.swift in Sources */,
				1B31BABC23ED17C400B6E63A /* Asset.swift in Sources */,
			);
			runOnlyForDeploymentPostprocessing = 0;
		};
		1BE1623B2A74928B00E4907D /* Sources */ = {
			isa = PBXSourcesBuildPhase;
			buildActionMask = 2147483647;
			files = (
				1B7588402AA3C57F00206201 /* IncomeView.swift in Sources */,
				1BAB38532A74982900FC9543 /* Expense.swift in Sources */,
				1BE162532A74955600E4907D /* UserDefaults.swift in Sources */,
				1BAB384F2A74981F00FC9543 /* Asset.swift in Sources */,
				1B520E882A749BD300DBA34A /* AmountRow.swift in Sources */,
				1BE162542A74963700E4907D /* SymbolImage.swift in Sources */,
				1BE162422A74928B00E4907D /* My_Assets__watchOS_App.swift in Sources */,
				1BAB38542A74984600FC9543 /* Symbol.swift in Sources */,
				1B520E8A2A74A53900DBA34A /* RootTabView.swift in Sources */,
				1BAB38502A74982200FC9543 /* Debt.swift in Sources */,
				1BAB38562A74985800FC9543 /* TimeInterval.swift in Sources */,
				1B7588422AA3C58800206201 /* ExpensesView.swift in Sources */,
				1BAB384E2A7496F600FC9543 /* MyAssetsView.swift in Sources */,
				1BE162522A74954F00E4907D /* FinancialData.swift in Sources */,
				1BAB38572A74989B00FC9543 /* UserType.swift in Sources */,
				1BAB38552A74984900FC9543 /* Period.swift in Sources */,
				1BAB38522A74982700FC9543 /* Income.swift in Sources */,
				1BAB38512A74982400FC9543 /* Stock.swift in Sources */,
			);
			runOnlyForDeploymentPostprocessing = 0;
		};
/* End PBXSourcesBuildPhase section */

/* Begin PBXTargetDependency section */
		1B3193A3282DDCDF00AA2038 /* PBXTargetDependency */ = {
			isa = PBXTargetDependency;
			target = 1B31BA9723EC823F00B6E63A /* My Assets */;
			targetProxy = 1B3193A2282DDCDF00AA2038 /* PBXContainerItemProxy */;
		};
		1BE1624B2A74928D00E4907D /* PBXTargetDependency */ = {
			isa = PBXTargetDependency;
			platformFilter = ios;
			target = 1BE1623E2A74928B00E4907D /* My Assets (watchOS) Watch App */;
			targetProxy = 1BE1624A2A74928D00E4907D /* PBXContainerItemProxy */;
		};
/* End PBXTargetDependency section */

/* Begin XCBuildConfiguration section */
		1B3193A4282DDCDF00AA2038 /* Debug */ = {
			isa = XCBuildConfiguration;
			buildSettings = {
				BUNDLE_LOADER = "$(TEST_HOST)";
				CLANG_CXX_LANGUAGE_STANDARD = "gnu++17";
				CODE_SIGN_STYLE = Automatic;
				CURRENT_PROJECT_VERSION = 1;
				DEVELOPMENT_TEAM = VA3SY54YU8;
				GENERATE_INFOPLIST_FILE = YES;
				IPHONEOS_DEPLOYMENT_TARGET = 17.0;
				MARKETING_VERSION = 1.0;
				PRODUCT_BUNDLE_IDENTIFIER = "com.jaydenirwin.My-AssetsTests";
				PRODUCT_NAME = "$(TARGET_NAME)";
				SWIFT_EMIT_LOC_STRINGS = NO;
				SWIFT_VERSION = 5.0;
				TARGETED_DEVICE_FAMILY = "1,2";
				TEST_HOST = "$(BUILT_PRODUCTS_DIR)/My Assets.app/My Assets";
			};
			name = Debug;
		};
		1B3193A5282DDCDF00AA2038 /* Release */ = {
			isa = XCBuildConfiguration;
			buildSettings = {
				BUNDLE_LOADER = "$(TEST_HOST)";
				CLANG_CXX_LANGUAGE_STANDARD = "gnu++17";
				CODE_SIGN_STYLE = Automatic;
				CURRENT_PROJECT_VERSION = 1;
				DEVELOPMENT_TEAM = VA3SY54YU8;
				GENERATE_INFOPLIST_FILE = YES;
				IPHONEOS_DEPLOYMENT_TARGET = 17.0;
				MARKETING_VERSION = 1.0;
				PRODUCT_BUNDLE_IDENTIFIER = "com.jaydenirwin.My-AssetsTests";
				PRODUCT_NAME = "$(TARGET_NAME)";
				SWIFT_EMIT_LOC_STRINGS = NO;
				SWIFT_VERSION = 5.0;
				TARGETED_DEVICE_FAMILY = "1,2";
				TEST_HOST = "$(BUILT_PRODUCTS_DIR)/My Assets.app/My Assets";
			};
			name = Release;
		};
		1B31BAAA23EC824200B6E63A /* Debug */ = {
			isa = XCBuildConfiguration;
			buildSettings = {
				ALWAYS_SEARCH_USER_PATHS = NO;
				CLANG_ANALYZER_NONNULL = YES;
				CLANG_ANALYZER_NUMBER_OBJECT_CONVERSION = YES_AGGRESSIVE;
				CLANG_CXX_LANGUAGE_STANDARD = "gnu++14";
				CLANG_CXX_LIBRARY = "libc++";
				CLANG_ENABLE_MODULES = YES;
				CLANG_ENABLE_OBJC_ARC = YES;
				CLANG_ENABLE_OBJC_WEAK = YES;
				CLANG_WARN_BLOCK_CAPTURE_AUTORELEASING = YES;
				CLANG_WARN_BOOL_CONVERSION = YES;
				CLANG_WARN_COMMA = YES;
				CLANG_WARN_CONSTANT_CONVERSION = YES;
				CLANG_WARN_DEPRECATED_OBJC_IMPLEMENTATIONS = YES;
				CLANG_WARN_DIRECT_OBJC_ISA_USAGE = YES_ERROR;
				CLANG_WARN_DOCUMENTATION_COMMENTS = YES;
				CLANG_WARN_EMPTY_BODY = YES;
				CLANG_WARN_ENUM_CONVERSION = YES;
				CLANG_WARN_INFINITE_RECURSION = YES;
				CLANG_WARN_INT_CONVERSION = YES;
				CLANG_WARN_NON_LITERAL_NULL_CONVERSION = YES;
				CLANG_WARN_OBJC_IMPLICIT_RETAIN_SELF = YES;
				CLANG_WARN_OBJC_LITERAL_CONVERSION = YES;
				CLANG_WARN_OBJC_ROOT_CLASS = YES_ERROR;
				CLANG_WARN_QUOTED_INCLUDE_IN_FRAMEWORK_HEADER = YES;
				CLANG_WARN_RANGE_LOOP_ANALYSIS = YES;
				CLANG_WARN_STRICT_PROTOTYPES = YES;
				CLANG_WARN_SUSPICIOUS_MOVE = YES;
				CLANG_WARN_UNGUARDED_AVAILABILITY = YES_AGGRESSIVE;
				CLANG_WARN_UNREACHABLE_CODE = YES;
				CLANG_WARN__DUPLICATE_METHOD_MATCH = YES;
				COPY_PHASE_STRIP = NO;
				DEBUG_INFORMATION_FORMAT = dwarf;
				ENABLE_STRICT_OBJC_MSGSEND = YES;
				ENABLE_TESTABILITY = YES;
				ENABLE_USER_SCRIPT_SANDBOXING = YES;
				GCC_C_LANGUAGE_STANDARD = gnu11;
				GCC_DYNAMIC_NO_PIC = NO;
				GCC_NO_COMMON_BLOCKS = YES;
				GCC_OPTIMIZATION_LEVEL = 0;
				GCC_PREPROCESSOR_DEFINITIONS = (
					"DEBUG=1",
					"$(inherited)",
				);
				GCC_WARN_64_TO_32_BIT_CONVERSION = YES;
				GCC_WARN_ABOUT_RETURN_TYPE = YES_ERROR;
				GCC_WARN_UNDECLARED_SELECTOR = YES;
				GCC_WARN_UNINITIALIZED_AUTOS = YES_AGGRESSIVE;
				GCC_WARN_UNUSED_FUNCTION = YES;
				GCC_WARN_UNUSED_VARIABLE = YES;
				IPHONEOS_DEPLOYMENT_TARGET = 17.0;
				MACOSX_DEPLOYMENT_TARGET = 14.0;
				MTL_ENABLE_DEBUG_INFO = INCLUDE_SOURCE;
				MTL_FAST_MATH = YES;
				ONLY_ACTIVE_ARCH = YES;
				SDKROOT = iphoneos;
				SWIFT_ACTIVE_COMPILATION_CONDITIONS = DEBUG;
				SWIFT_OPTIMIZATION_LEVEL = "-Onone";
			};
			name = Debug;
		};
		1B31BAAB23EC824200B6E63A /* Release */ = {
			isa = XCBuildConfiguration;
			buildSettings = {
				ALWAYS_SEARCH_USER_PATHS = NO;
				CLANG_ANALYZER_NONNULL = YES;
				CLANG_ANALYZER_NUMBER_OBJECT_CONVERSION = YES_AGGRESSIVE;
				CLANG_CXX_LANGUAGE_STANDARD = "gnu++14";
				CLANG_CXX_LIBRARY = "libc++";
				CLANG_ENABLE_MODULES = YES;
				CLANG_ENABLE_OBJC_ARC = YES;
				CLANG_ENABLE_OBJC_WEAK = YES;
				CLANG_WARN_BLOCK_CAPTURE_AUTORELEASING = YES;
				CLANG_WARN_BOOL_CONVERSION = YES;
				CLANG_WARN_COMMA = YES;
				CLANG_WARN_CONSTANT_CONVERSION = YES;
				CLANG_WARN_DEPRECATED_OBJC_IMPLEMENTATIONS = YES;
				CLANG_WARN_DIRECT_OBJC_ISA_USAGE = YES_ERROR;
				CLANG_WARN_DOCUMENTATION_COMMENTS = YES;
				CLANG_WARN_EMPTY_BODY = YES;
				CLANG_WARN_ENUM_CONVERSION = YES;
				CLANG_WARN_INFINITE_RECURSION = YES;
				CLANG_WARN_INT_CONVERSION = YES;
				CLANG_WARN_NON_LITERAL_NULL_CONVERSION = YES;
				CLANG_WARN_OBJC_IMPLICIT_RETAIN_SELF = YES;
				CLANG_WARN_OBJC_LITERAL_CONVERSION = YES;
				CLANG_WARN_OBJC_ROOT_CLASS = YES_ERROR;
				CLANG_WARN_QUOTED_INCLUDE_IN_FRAMEWORK_HEADER = YES;
				CLANG_WARN_RANGE_LOOP_ANALYSIS = YES;
				CLANG_WARN_STRICT_PROTOTYPES = YES;
				CLANG_WARN_SUSPICIOUS_MOVE = YES;
				CLANG_WARN_UNGUARDED_AVAILABILITY = YES_AGGRESSIVE;
				CLANG_WARN_UNREACHABLE_CODE = YES;
				CLANG_WARN__DUPLICATE_METHOD_MATCH = YES;
				COPY_PHASE_STRIP = NO;
				DEBUG_INFORMATION_FORMAT = "dwarf-with-dsym";
				ENABLE_NS_ASSERTIONS = NO;
				ENABLE_STRICT_OBJC_MSGSEND = YES;
				ENABLE_USER_SCRIPT_SANDBOXING = YES;
				GCC_C_LANGUAGE_STANDARD = gnu11;
				GCC_NO_COMMON_BLOCKS = YES;
				GCC_WARN_64_TO_32_BIT_CONVERSION = YES;
				GCC_WARN_ABOUT_RETURN_TYPE = YES_ERROR;
				GCC_WARN_UNDECLARED_SELECTOR = YES;
				GCC_WARN_UNINITIALIZED_AUTOS = YES_AGGRESSIVE;
				GCC_WARN_UNUSED_FUNCTION = YES;
				GCC_WARN_UNUSED_VARIABLE = YES;
				IPHONEOS_DEPLOYMENT_TARGET = 17.0;
				MACOSX_DEPLOYMENT_TARGET = 14.0;
				MTL_ENABLE_DEBUG_INFO = NO;
				MTL_FAST_MATH = YES;
				SDKROOT = iphoneos;
				SWIFT_COMPILATION_MODE = wholemodule;
				SWIFT_OPTIMIZATION_LEVEL = "-O";
				VALIDATE_PRODUCT = YES;
			};
			name = Release;
		};
		1B31BAAD23EC824200B6E63A /* Debug */ = {
			isa = XCBuildConfiguration;
			buildSettings = {
				ALWAYS_EMBED_SWIFT_STANDARD_LIBRARIES = YES;
				ASSETCATALOG_COMPILER_APPICON_NAME = AppIcon;
				CODE_SIGN_ENTITLEMENTS = "My Assets/My Assets.entitlements";
				CODE_SIGN_STYLE = Automatic;
				CURRENT_PROJECT_VERSION = 2;
				DEVELOPMENT_TEAM = VA3SY54YU8;
				ENABLE_PREVIEWS = YES;
				INFOPLIST_FILE = "My Assets/Info.plist";
				INFOPLIST_KEY_LSApplicationCategoryType = "public.app-category.finance";
				IPHONEOS_DEPLOYMENT_TARGET = 17.0;
				LD_RUNPATH_SEARCH_PATHS = (
					"$(inherited)",
					"@executable_path/Frameworks",
				);
				MARKETING_VERSION = 1.1.1;
				PRODUCT_BUNDLE_IDENTIFIER = com.jaydenirwin.myassets;
				PRODUCT_NAME = "$(TARGET_NAME)";
				SUPPORTED_PLATFORMS = "iphoneos iphonesimulator";
				SUPPORTS_MACCATALYST = YES;
				SUPPORTS_MAC_DESIGNED_FOR_IPHONE_IPAD = NO;
				SWIFT_VERSION = 5.0;
				TARGETED_DEVICE_FAMILY = "1,2,6";
			};
			name = Debug;
		};
		1B31BAAE23EC824200B6E63A /* Release */ = {
			isa = XCBuildConfiguration;
			buildSettings = {
				ALWAYS_EMBED_SWIFT_STANDARD_LIBRARIES = YES;
				ASSETCATALOG_COMPILER_APPICON_NAME = AppIcon;
				CODE_SIGN_ENTITLEMENTS = "My Assets/My Assets.entitlements";
				CODE_SIGN_STYLE = Automatic;
				CURRENT_PROJECT_VERSION = 2;
				DEVELOPMENT_TEAM = VA3SY54YU8;
				ENABLE_PREVIEWS = YES;
				INFOPLIST_FILE = "My Assets/Info.plist";
				INFOPLIST_KEY_LSApplicationCategoryType = "public.app-category.finance";
				IPHONEOS_DEPLOYMENT_TARGET = 17.0;
				LD_RUNPATH_SEARCH_PATHS = (
					"$(inherited)",
					"@executable_path/Frameworks",
				);
				MARKETING_VERSION = 1.1.1;
				PRODUCT_BUNDLE_IDENTIFIER = com.jaydenirwin.myassets;
				PRODUCT_NAME = "$(TARGET_NAME)";
				SUPPORTED_PLATFORMS = "iphoneos iphonesimulator";
				SUPPORTS_MACCATALYST = YES;
				SUPPORTS_MAC_DESIGNED_FOR_IPHONE_IPAD = NO;
				SWIFT_VERSION = 5.0;
				TARGETED_DEVICE_FAMILY = "1,2,6";
			};
			name = Release;
		};
		1BE1624E2A74928D00E4907D /* Debug */ = {
			isa = XCBuildConfiguration;
			buildSettings = {
				ASSETCATALOG_COMPILER_APPICON_NAME = AppIcon;
				ASSETCATALOG_COMPILER_GENERATE_SWIFT_ASSET_SYMBOL_EXTENSIONS = YES;
				ASSETCATALOG_COMPILER_GLOBAL_ACCENT_COLOR_NAME = AccentColor;
				CLANG_CXX_LANGUAGE_STANDARD = "gnu++20";
				CODE_SIGN_ENTITLEMENTS = "My Assets (watchOS) Watch App/My Assets (watchOS) Watch App.entitlements";
				CODE_SIGN_STYLE = Automatic;
				CURRENT_PROJECT_VERSION = 1;
				DEVELOPMENT_ASSET_PATHS = "\"My Assets (watchOS) Watch App/Preview Content\"";
				DEVELOPMENT_TEAM = VA3SY54YU8;
				ENABLE_PREVIEWS = YES;
				GCC_C_LANGUAGE_STANDARD = gnu17;
				GENERATE_INFOPLIST_FILE = YES;
				INFOPLIST_FILE = "My-Assets--watchOS--Watch-App-Info.plist";
				INFOPLIST_KEY_UISupportedInterfaceOrientations = "UIInterfaceOrientationPortrait UIInterfaceOrientationPortraitUpsideDown";
				INFOPLIST_KEY_WKCompanionAppBundleIdentifier = com.jaydenirwin.myassets;
				LD_RUNPATH_SEARCH_PATHS = (
					"$(inherited)",
					"@executable_path/Frameworks",
				);
				LOCALIZATION_PREFERS_STRING_CATALOGS = YES;
				MARKETING_VERSION = 1.0;
				PRODUCT_BUNDLE_IDENTIFIER = com.jaydenirwin.myassets.watchkitapp;
				PRODUCT_NAME = "My Assets";
				SDKROOT = watchos;
				SKIP_INSTALL = YES;
				SWIFT_ACTIVE_COMPILATION_CONDITIONS = "DEBUG $(inherited)";
				SWIFT_EMIT_LOC_STRINGS = YES;
				SWIFT_VERSION = 5.0;
				TARGETED_DEVICE_FAMILY = 4;
				WATCHOS_DEPLOYMENT_TARGET = 10.0;
			};
			name = Debug;
		};
		1BE1624F2A74928D00E4907D /* Release */ = {
			isa = XCBuildConfiguration;
			buildSettings = {
				ASSETCATALOG_COMPILER_APPICON_NAME = AppIcon;
				ASSETCATALOG_COMPILER_GENERATE_SWIFT_ASSET_SYMBOL_EXTENSIONS = YES;
				ASSETCATALOG_COMPILER_GLOBAL_ACCENT_COLOR_NAME = AccentColor;
				CLANG_CXX_LANGUAGE_STANDARD = "gnu++20";
				CODE_SIGN_ENTITLEMENTS = "My Assets (watchOS) Watch App/My Assets (watchOS) Watch App.entitlements";
				CODE_SIGN_STYLE = Automatic;
				CURRENT_PROJECT_VERSION = 1;
				DEVELOPMENT_ASSET_PATHS = "\"My Assets (watchOS) Watch App/Preview Content\"";
				DEVELOPMENT_TEAM = VA3SY54YU8;
				ENABLE_PREVIEWS = YES;
				GCC_C_LANGUAGE_STANDARD = gnu17;
				GENERATE_INFOPLIST_FILE = YES;
				INFOPLIST_FILE = "My-Assets--watchOS--Watch-App-Info.plist";
				INFOPLIST_KEY_UISupportedInterfaceOrientations = "UIInterfaceOrientationPortrait UIInterfaceOrientationPortraitUpsideDown";
				INFOPLIST_KEY_WKCompanionAppBundleIdentifier = com.jaydenirwin.myassets;
				LD_RUNPATH_SEARCH_PATHS = (
					"$(inherited)",
					"@executable_path/Frameworks",
				);
				LOCALIZATION_PREFERS_STRING_CATALOGS = YES;
				MARKETING_VERSION = 1.0;
				PRODUCT_BUNDLE_IDENTIFIER = com.jaydenirwin.myassets.watchkitapp;
				PRODUCT_NAME = "My Assets";
				SDKROOT = watchos;
				SKIP_INSTALL = YES;
				SWIFT_EMIT_LOC_STRINGS = YES;
				SWIFT_VERSION = 5.0;
				TARGETED_DEVICE_FAMILY = 4;
				WATCHOS_DEPLOYMENT_TARGET = 10.0;
			};
			name = Release;
		};
/* End XCBuildConfiguration section */

/* Begin XCConfigurationList section */
		1B3193A6282DDCDF00AA2038 /* Build configuration list for PBXNativeTarget "My AssetsTests" */ = {
			isa = XCConfigurationList;
			buildConfigurations = (
				1B3193A4282DDCDF00AA2038 /* Debug */,
				1B3193A5282DDCDF00AA2038 /* Release */,
			);
			defaultConfigurationIsVisible = 0;
			defaultConfigurationName = Release;
		};
		1B31BA9323EC823F00B6E63A /* Build configuration list for PBXProject "My Assets" */ = {
			isa = XCConfigurationList;
			buildConfigurations = (
				1B31BAAA23EC824200B6E63A /* Debug */,
				1B31BAAB23EC824200B6E63A /* Release */,
			);
			defaultConfigurationIsVisible = 0;
			defaultConfigurationName = Release;
		};
		1B31BAAC23EC824200B6E63A /* Build configuration list for PBXNativeTarget "My Assets" */ = {
			isa = XCConfigurationList;
			buildConfigurations = (
				1B31BAAD23EC824200B6E63A /* Debug */,
				1B31BAAE23EC824200B6E63A /* Release */,
			);
			defaultConfigurationIsVisible = 0;
			defaultConfigurationName = Release;
		};
		1BE162502A74928D00E4907D /* Build configuration list for PBXNativeTarget "My Assets (watchOS) Watch App" */ = {
			isa = XCConfigurationList;
			buildConfigurations = (
				1BE1624E2A74928D00E4907D /* Debug */,
				1BE1624F2A74928D00E4907D /* Release */,
			);
			defaultConfigurationIsVisible = 0;
			defaultConfigurationName = Release;
		};
/* End XCConfigurationList section */

/* Begin XCRemoteSwiftPackageReference section */
		1B8C86DB283F289300EEC921 /* XCRemoteSwiftPackageReference "JaydenCodeGenerator" */ = {
			isa = XCRemoteSwiftPackageReference;
			repositoryURL = "https://github.com/JaydenIrwin/JaydenCodeGenerator";
			requirement = {
				branch = main;
				kind = branch;
			};
		};
		1BC6FE2A2A841DB200DD10FB /* XCRemoteSwiftPackageReference "WelcomeKit" */ = {
			isa = XCRemoteSwiftPackageReference;
			repositoryURL = "https://github.com/256Arts/WelcomeKit";
			requirement = {
				kind = upToNextMajorVersion;
				minimumVersion = 1.0.0;
			};
		};
/* End XCRemoteSwiftPackageReference section */

/* Begin XCSwiftPackageProductDependency section */
		1B8C86DC283F289300EEC921 /* JaydenCodeGenerator */ = {
			isa = XCSwiftPackageProductDependency;
			package = 1B8C86DB283F289300EEC921 /* XCRemoteSwiftPackageReference "JaydenCodeGenerator" */;
			productName = JaydenCodeGenerator;
		};
		1BC6FE2B2A841DB200DD10FB /* WelcomeKit */ = {
			isa = XCSwiftPackageProductDependency;
			package = 1BC6FE2A2A841DB200DD10FB /* XCRemoteSwiftPackageReference "WelcomeKit" */;
			productName = WelcomeKit;
		};
/* End XCSwiftPackageProductDependency section */
	};
	rootObject = 1B31BA9023EC823F00B6E63A /* Project object */;
}
