// !$*UTF8*$!
{
	archiveVersion = 1;
	classes = {
	};
	objectVersion = 77;
	objects = {

/* Begin PBXBuildFile section */
		1BE1624C2A74928D00E4907D /* My Assets.app in Embed Watch Content */ = {isa = PBXBuildFile; fileRef = 1BE1623F2A74928B00E4907D /* My Assets.app */; platformFilter = ios; settings = {ATTRIBUTES = (RemoveHeadersOnCopy, ); }; };
/* End PBXBuildFile section */

/* Begin PBXContainerItemProxy section */
		1B3193A2282DDCDF00AA2038 /* PBXContainerItemProxy */ = {
			isa = PBXContainerItemProxy;
			containerPortal = 1B31BA9023EC823F00B6E63A /* Project object */;
			proxyType = 1;
			remoteGlobalIDString = 1B31BA9723EC823F00B6E63A;
			remoteInfo = "My Assets";
		};
		1BE1624A2A74928D00E4907D /* PBXContainerItemProxy */ = {
			isa = PBXContainerItemProxy;
			containerPortal = 1B31BA9023EC823F00B6E63A /* Project object */;
			proxyType = 1;
			remoteGlobalIDString = 1BE1623E2A74928B00E4907D;
			remoteInfo = "My Assets (watchOS) Watch App";
		};
/* End PBXContainerItemProxy section */

/* Begin PBXCopyFilesBuildPhase section */
		1BE1624D2A74928D00E4907D /* Embed Watch Content */ = {
			isa = PBXCopyFilesBuildPhase;
			buildActionMask = 2147483647;
			dstPath = "$(CONTENTS_FOLDER_PATH)/Watch";
			dstSubfolderSpec = 16;
			files = (
				1BE1624C2A74928D00E4907D /* My Assets.app in Embed Watch Content */,
			);
			name = "Embed Watch Content";
			runOnlyForDeploymentPostprocessing = 0;
		};
/* End PBXCopyFilesBuildPhase section */

/* Begin PBXFileReference section */
		1B31939E282DDCDF00AA2038 /* My AssetsTests.xctest */ = {isa = PBXFileReference; explicitFileType = wrapper.cfbundle; includeInIndex = 0; path = "My AssetsTests.xctest"; sourceTree = BUILT_PRODUCTS_DIR; };
		1B31BA9823EC823F00B6E63A /* My Assets.app */ = {isa = PBXFileReference; explicitFileType = wrapper.application; includeInIndex = 0; path = "My Assets.app"; sourceTree = BUILT_PRODUCTS_DIR; };
		1BE1623F2A74928B00E4907D /* My Assets.app */ = {isa = PBXFileReference; explicitFileType = wrapper.application; includeInIndex = 0; path = "My Assets.app"; sourceTree = BUILT_PRODUCTS_DIR; };
/* End PBXFileReference section */

/* Begin PBXFileSystemSynchronizedBuildFileExceptionSet section */
		1B7DF80D2E24133C0071B353 /* Exceptions for "My Assets" folder in "My Assets" target */ = {
			isa = PBXFileSystemSynchronizedBuildFileExceptionSet;
			membershipExceptions = (
				Info.plist,
			);
			target = 1B31BA9723EC823F00B6E63A /* My Assets */;
		};
		1B7DF80E2E24133C0071B353 /* Exceptions for "My Assets" folder in "My AssetsTests" target */ = {
			isa = PBXFileSystemSynchronizedBuildFileExceptionSet;
			membershipExceptions = (
				Model/AlphaVantage.swift,
				Model/Asset.swift,
				Model/CreditCard.swift,
				Model/Debt.swift,
				Model/Expense.swift,
				Model/FinancialData.swift,
				Model/Income.swift,
				Model/InsightsGenerator.swift,
				Model/Period.swift,
				Model/Stock.swift,
				Model/Symbol.swift,
				Model/TimeInterval.swift,
				Model/TransactionFrequency.swift,
				Model/UpcomingSpend.swift,
				Model/UserType.swift,
				Model/WorldFinanceStats.swift,
			);
			target = 1B31939D282DDCDF00AA2038 /* My AssetsTests */;
		};
		1B7DF80F2E24133C0071B353 /* Exceptions for "My Assets" folder in "My Assets (watchOS) Watch App" target */ = {
			isa = PBXFileSystemSynchronizedBuildFileExceptionSet;
			membershipExceptions = (
				AmountRow.swift,
				App.icon,
				Model/AlphaVantage.swift,
				Model/Asset.swift,
				Model/ColorName.swift,
				Model/CreditCard.swift,
				Model/Debt.swift,
				Model/Expense.swift,
				Model/FinancialData.swift,
				Model/Income.swift,
				Model/Period.swift,
				Model/Stock.swift,
				Model/Symbol.swift,
				Model/TimeInterval.swift,
				Model/TransactionFrequency.swift,
				Model/UpcomingSpend.swift,
				Model/UserDefaults.swift,
				Model/UserType.swift,
				PreviewContainer.swift,
				Secrets.swift,
				SymbolImage.swift,
			);
			target = 1BE1623E2A74928B00E4907D /* My Assets (watchOS) Watch App */;
		};
/* End PBXFileSystemSynchronizedBuildFileExceptionSet section */

/* Begin PBXFileSystemSynchronizedRootGroup section */
		1B7DF7AD2E24133C0071B353 /* My Assets */ = {
			isa = PBXFileSystemSynchronizedRootGroup;
			exceptions = (
				1B7DF80D2E24133C0071B353 /* Exceptions for "My Assets" folder in "My Assets" target */,
				1B7DF80E2E24133C0071B353 /* Exceptions for "My Assets" folder in "My AssetsTests" target */,
				1B7DF80F2E24133C0071B353 /* Exceptions for "My Assets" folder in "My Assets (watchOS) Watch App" target */,
			);
			path = "My Assets";
			sourceTree = "<group>";
		};
		1B7DF8112E2413400071B353 /* My AssetsTests */ = {
			isa = PBXFileSystemSynchronizedRootGroup;
			path = "My AssetsTests";
			sourceTree = "<group>";
		};
		1B7DF8232E24135E0071B353 /* My Assets (watchOS) Watch App */ = {
			isa = PBXFileSystemSynchronizedRootGroup;
			path = "My Assets (watchOS) Watch App";
			sourceTree = "<group>";
		};
/* End PBXFileSystemSynchronizedRootGroup section */

/* Begin PBXFrameworksBuildPhase section */
		1B31939B282DDCDF00AA2038 /* Frameworks */ = {
			isa = PBXFrameworksBuildPhase;
			buildActionMask = 2147483647;
			files = (
			);
			runOnlyForDeploymentPostprocessing = 0;
		};
		1B31BA9523EC823F00B6E63A /* Frameworks */ = {
			isa = PBXFrameworksBuildPhase;
			buildActionMask = 2147483647;
			files = (
			);
			runOnlyForDeploymentPostprocessing = 0;
		};
		1BE1623C2A74928B00E4907D /* Frameworks */ = {
			isa = PBXFrameworksBuildPhase;
			buildActionMask = 2147483647;
			files = (
			);
			runOnlyForDeploymentPostprocessing = 0;
		};
/* End PBXFrameworksBuildPhase section */

/* Begin PBXGroup section */
		1B31BA8F23EC823F00B6E63A = {
			isa = PBXGroup;
			children = (
				1B7DF7AD2E24133C0071B353 /* My Assets */,
				1B7DF8112E2413400071B353 /* My AssetsTests */,
				1B7DF8232E24135E0071B353 /* My Assets (watchOS) Watch App */,
				1B31BA9923EC823F00B6E63A /* Products */,
				1BB7E5A927F0116700D51084 /* Frameworks */,
			);
			sourceTree = "<group>";
		};
		1B31BA9923EC823F00B6E63A /* Products */ = {
			isa = PBXGroup;
			children = (
				1B31BA9823EC823F00B6E63A /* My Assets.app */,
				1B31939E282DDCDF00AA2038 /* My AssetsTests.xctest */,
				1BE1623F2A74928B00E4907D /* My Assets.app */,
			);
			name = Products;
			sourceTree = "<group>";
		};
		1BB7E5A927F0116700D51084 /* Frameworks */ = {
			isa = PBXGroup;
			children = (
			);
			name = Frameworks;
			sourceTree = "<group>";
		};
/* End PBXGroup section */

/* Begin PBXNativeTarget section */
		1B31939D282DDCDF00AA2038 /* My AssetsTests */ = {
			isa = PBXNativeTarget;
			buildConfigurationList = 1B3193A6282DDCDF00AA2038 /* Build configuration list for PBXNativeTarget "My AssetsTests" */;
			buildPhases = (
				1B31939A282DDCDF00AA2038 /* Sources */,
				1B31939B282DDCDF00AA2038 /* Frameworks */,
				1B31939C282DDCDF00AA2038 /* Resources */,
			);
			buildRules = (
			);
			dependencies = (
				1B3193A3282DDCDF00AA2038 /* PBXTargetDependency */,
			);
			fileSystemSynchronizedGroups = (
				1B7DF8112E2413400071B353 /* My AssetsTests */,
			);
			name = "My AssetsTests";
			productName = "My AssetsTests";
			productReference = 1B31939E282DDCDF00AA2038 /* My AssetsTests.xctest */;
			productType = "com.apple.product-type.bundle.unit-test";
		};
		1B31BA9723EC823F00B6E63A /* My Assets */ = {
			isa = PBXNativeTarget;
			buildConfigurationList = 1B31BAAC23EC824200B6E63A /* Build configuration list for PBXNativeTarget "My Assets" */;
			buildPhases = (
				1B31BA9423EC823F00B6E63A /* Sources */,
				1B31BA9523EC823F00B6E63A /* Frameworks */,
				1B31BA9623EC823F00B6E63A /* Resources */,
				1BE1624D2A74928D00E4907D /* Embed Watch Content */,
			);
			buildRules = (
			);
			dependencies = (
				1BE1624B2A74928D00E4907D /* PBXTargetDependency */,
			);
			fileSystemSynchronizedGroups = (
				1B7DF7AD2E24133C0071B353 /* My Assets */,
			);
			name = "My Assets";
			packageProductDependencies = (
			);
			productName = "My Assets";
			productReference = 1B31BA9823EC823F00B6E63A /* My Assets.app */;
			productType = "com.apple.product-type.application";
		};
		1BE1623E2A74928B00E4907D /* My Assets (watchOS) Watch App */ = {
			isa = PBXNativeTarget;
			buildConfigurationList = 1BE162502A74928D00E4907D /* Build configuration list for PBXNativeTarget "My Assets (watchOS) Watch App" */;
			buildPhases = (
				1BE1623B2A74928B00E4907D /* Sources */,
				1BE1623C2A74928B00E4907D /* Frameworks */,
				1BE1623D2A74928B00E4907D /* Resources */,
			);
			buildRules = (
			);
			dependencies = (
			);
			fileSystemSynchronizedGroups = (
				1B7DF8232E24135E0071B353 /* My Assets (watchOS) Watch App */,
			);
			name = "My Assets (watchOS) Watch App";
			productName = "My Assets (watchOS) Watch App";
			productReference = 1BE1623F2A74928B00E4907D /* My Assets.app */;
			productType = "com.apple.product-type.application";
		};
/* End PBXNativeTarget section */

/* Begin PBXProject section */
		1B31BA9023EC823F00B6E63A /* Project object */ = {
			isa = PBXProject;
			attributes = {
				BuildIndependentTargetsInParallel = YES;
				LastSwiftUpdateCheck = 1500;
				LastUpgradeCheck = 1600;
				ORGANIZATIONNAME = "";
				TargetAttributes = {
					1B31939D282DDCDF00AA2038 = {
						CreatedOnToolsVersion = 13.3.1;
						TestTargetID = 1B31BA9723EC823F00B6E63A;
					};
					1B31BA9723EC823F00B6E63A = {
						CreatedOnToolsVersion = 11.3.1;
					};
					1BE1623E2A74928B00E4907D = {
						CreatedOnToolsVersion = 15.0;
					};
				};
			};
			buildConfigurationList = 1B31BA9323EC823F00B6E63A /* Build configuration list for PBXProject "My Assets" */;
			developmentRegion = en;
			hasScannedForEncodings = 0;
			knownRegions = (
				en,
				Base,
			);
			mainGroup = 1B31BA8F23EC823F00B6E63A;
			packageReferences = (
			);
			preferredProjectObjectVersion = 77;
			productRefGroup = 1B31BA9923EC823F00B6E63A /* Products */;
			projectDirPath = "";
			projectRoot = "";
			targets = (
				1B31BA9723EC823F00B6E63A /* My Assets */,
				1B31939D282DDCDF00AA2038 /* My AssetsTests */,
				1BE1623E2A74928B00E4907D /* My Assets (watchOS) Watch App */,
			);
		};
/* End PBXProject section */

/* Begin PBXResourcesBuildPhase section */
		1B31939C282DDCDF00AA2038 /* Resources */ = {
			isa = PBXResourcesBuildPhase;
			buildActionMask = 2147483647;
			files = (
			);
			runOnlyForDeploymentPostprocessing = 0;
		};
		1B31BA9623EC823F00B6E63A /* Resources */ = {
			isa = PBXResourcesBuildPhase;
			buildActionMask = 2147483647;
			files = (
			);
			runOnlyForDeploymentPostprocessing = 0;
		};
		1BE1623D2A74928B00E4907D /* Resources */ = {
			isa = PBXResourcesBuildPhase;
			buildActionMask = 2147483647;
			files = (
			);
			runOnlyForDeploymentPostprocessing = 0;
		};
/* End PBXResourcesBuildPhase section */

/* Begin PBXSourcesBuildPhase section */
		1B31939A282DDCDF00AA2038 /* Sources */ = {
			isa = PBXSourcesBuildPhase;
			buildActionMask = 2147483647;
			files = (
			);
			runOnlyForDeploymentPostprocessing = 0;
		};
		1B31BA9423EC823F00B6E63A /* Sources */ = {
			isa = PBXSourcesBuildPhase;
			buildActionMask = 2147483647;
			files = (
			);
			runOnlyForDeploymentPostprocessing = 0;
		};
		1BE1623B2A74928B00E4907D /* Sources */ = {
			isa = PBXSourcesBuildPhase;
			buildActionMask = 2147483647;
			files = (
			);
			runOnlyForDeploymentPostprocessing = 0;
		};
/* End PBXSourcesBuildPhase section */

/* Begin PBXTargetDependency section */
		1B3193A3282DDCDF00AA2038 /* PBXTargetDependency */ = {
			isa = PBXTargetDependency;
			target = 1B31BA9723EC823F00B6E63A /* My Assets */;
			targetProxy = 1B3193A2282DDCDF00AA2038 /* PBXContainerItemProxy */;
		};
		1BE1624B2A74928D00E4907D /* PBXTargetDependency */ = {
			isa = PBXTargetDependency;
			platformFilter = ios;
			target = 1BE1623E2A74928B00E4907D /* My Assets (watchOS) Watch App */;
			targetProxy = 1BE1624A2A74928D00E4907D /* PBXContainerItemProxy */;
		};
/* End PBXTargetDependency section */

/* Begin XCBuildConfiguration section */
		1B3193A4282DDCDF00AA2038 /* Debug */ = {
			isa = XCBuildConfiguration;
			buildSettings = {
				BUNDLE_LOADER = "$(TEST_HOST)";
				CLANG_CXX_LANGUAGE_STANDARD = "gnu++17";
				CODE_SIGN_STYLE = Automatic;
				CURRENT_PROJECT_VERSION = 1;
				DEVELOPMENT_TEAM = VA3SY54YU8;
				GENERATE_INFOPLIST_FILE = YES;
				IPHONEOS_DEPLOYMENT_TARGET = 18.0;
				MARKETING_VERSION = 1.0;
				PRODUCT_BUNDLE_IDENTIFIER = "com.jaydenirwin.My-AssetsTests";
				PRODUCT_NAME = "$(TARGET_NAME)";
				SWIFT_EMIT_LOC_STRINGS = NO;
				SWIFT_VERSION = 5.0;
				TARGETED_DEVICE_FAMILY = "1,2";
				TEST_HOST = "$(BUILT_PRODUCTS_DIR)/My Assets.app/My Assets";
			};
			name = Debug;
		};
		1B3193A5282DDCDF00AA2038 /* Release */ = {
			isa = XCBuildConfiguration;
			buildSettings = {
				BUNDLE_LOADER = "$(TEST_HOST)";
				CLANG_CXX_LANGUAGE_STANDARD = "gnu++17";
				CODE_SIGN_STYLE = Automatic;
				CURRENT_PROJECT_VERSION = 1;
				DEVELOPMENT_TEAM = VA3SY54YU8;
				GENERATE_INFOPLIST_FILE = YES;
				IPHONEOS_DEPLOYMENT_TARGET = 18.0;
				MARKETING_VERSION = 1.0;
				PRODUCT_BUNDLE_IDENTIFIER = "com.jaydenirwin.My-AssetsTests";
				PRODUCT_NAME = "$(TARGET_NAME)";
				SWIFT_EMIT_LOC_STRINGS = NO;
				SWIFT_VERSION = 5.0;
				TARGETED_DEVICE_FAMILY = "1,2";
				TEST_HOST = "$(BUILT_PRODUCTS_DIR)/My Assets.app/My Assets";
			};
			name = Release;
		};
		1B31BAAA23EC824200B6E63A /* Debug */ = {
			isa = XCBuildConfiguration;
			buildSettings = {
				ALWAYS_SEARCH_USER_PATHS = NO;
				CLANG_ANALYZER_NONNULL = YES;
				CLANG_ANALYZER_NUMBER_OBJECT_CONVERSION = YES_AGGRESSIVE;
				CLANG_CXX_LANGUAGE_STANDARD = "gnu++14";
				CLANG_CXX_LIBRARY = "libc++";
				CLANG_ENABLE_MODULES = YES;
				CLANG_ENABLE_OBJC_ARC = YES;
				CLANG_ENABLE_OBJC_WEAK = YES;
				CLANG_WARN_BLOCK_CAPTURE_AUTORELEASING = YES;
				CLANG_WARN_BOOL_CONVERSION = YES;
				CLANG_WARN_COMMA = YES;
				CLANG_WARN_CONSTANT_CONVERSION = YES;
				CLANG_WARN_DEPRECATED_OBJC_IMPLEMENTATIONS = YES;
				CLANG_WARN_DIRECT_OBJC_ISA_USAGE = YES_ERROR;
				CLANG_WARN_DOCUMENTATION_COMMENTS = YES;
				CLANG_WARN_EMPTY_BODY = YES;
				CLANG_WARN_ENUM_CONVERSION = YES;
				CLANG_WARN_INFINITE_RECURSION = YES;
				CLANG_WARN_INT_CONVERSION = YES;
				CLANG_WARN_NON_LITERAL_NULL_CONVERSION = YES;
				CLANG_WARN_OBJC_IMPLICIT_RETAIN_SELF = YES;
				CLANG_WARN_OBJC_LITERAL_CONVERSION = YES;
				CLANG_WARN_OBJC_ROOT_CLASS = YES_ERROR;
				CLANG_WARN_QUOTED_INCLUDE_IN_FRAMEWORK_HEADER = YES;
				CLANG_WARN_RANGE_LOOP_ANALYSIS = YES;
				CLANG_WARN_STRICT_PROTOTYPES = YES;
				CLANG_WARN_SUSPICIOUS_MOVE = YES;
				CLANG_WARN_UNGUARDED_AVAILABILITY = YES_AGGRESSIVE;
				CLANG_WARN_UNREACHABLE_CODE = YES;
				CLANG_WARN__DUPLICATE_METHOD_MATCH = YES;
				COPY_PHASE_STRIP = NO;
				DEBUG_INFORMATION_FORMAT = dwarf;
				ENABLE_STRICT_OBJC_MSGSEND = YES;
				ENABLE_TESTABILITY = YES;
				ENABLE_USER_SCRIPT_SANDBOXING = YES;
				GCC_C_LANGUAGE_STANDARD = gnu11;
				GCC_DYNAMIC_NO_PIC = NO;
				GCC_NO_COMMON_BLOCKS = YES;
				GCC_OPTIMIZATION_LEVEL = 0;
				GCC_PREPROCESSOR_DEFINITIONS = (
					"DEBUG=1",
					"$(inherited)",
				);
				GCC_WARN_64_TO_32_BIT_CONVERSION = YES;
				GCC_WARN_ABOUT_RETURN_TYPE = YES_ERROR;
				GCC_WARN_UNDECLARED_SELECTOR = YES;
				GCC_WARN_UNINITIALIZED_AUTOS = YES_AGGRESSIVE;
				GCC_WARN_UNUSED_FUNCTION = YES;
				GCC_WARN_UNUSED_VARIABLE = YES;
				IPHONEOS_DEPLOYMENT_TARGET = 17.0;
				MACOSX_DEPLOYMENT_TARGET = 14.0;
				MTL_ENABLE_DEBUG_INFO = INCLUDE_SOURCE;
				MTL_FAST_MATH = YES;
				ONLY_ACTIVE_ARCH = YES;
				SDKROOT = iphoneos;
				SWIFT_ACTIVE_COMPILATION_CONDITIONS = DEBUG;
				SWIFT_OPTIMIZATION_LEVEL = "-Onone";
				SWIFT_STRICT_CONCURRENCY = complete;
				WATCHOS_DEPLOYMENT_TARGET = 10.0;
				XROS_DEPLOYMENT_TARGET = 1.0;
			};
			name = Debug;
		};
		1B31BAAB23EC824200B6E63A /* Release */ = {
			isa = XCBuildConfiguration;
			buildSettings = {
				ALWAYS_SEARCH_USER_PATHS = NO;
				CLANG_ANALYZER_NONNULL = YES;
				CLANG_ANALYZER_NUMBER_OBJECT_CONVERSION = YES_AGGRESSIVE;
				CLANG_CXX_LANGUAGE_STANDARD = "gnu++14";
				CLANG_CXX_LIBRARY = "libc++";
				CLANG_ENABLE_MODULES = YES;
				CLANG_ENABLE_OBJC_ARC = YES;
				CLANG_ENABLE_OBJC_WEAK = YES;
				CLANG_WARN_BLOCK_CAPTURE_AUTORELEASING = YES;
				CLANG_WARN_BOOL_CONVERSION = YES;
				CLANG_WARN_COMMA = YES;
				CLANG_WARN_CONSTANT_CONVERSION = YES;
				CLANG_WARN_DEPRECATED_OBJC_IMPLEMENTATIONS = YES;
				CLANG_WARN_DIRECT_OBJC_ISA_USAGE = YES_ERROR;
				CLANG_WARN_DOCUMENTATION_COMMENTS = YES;
				CLANG_WARN_EMPTY_BODY = YES;
				CLANG_WARN_ENUM_CONVERSION = YES;
				CLANG_WARN_INFINITE_RECURSION = YES;
				CLANG_WARN_INT_CONVERSION = YES;
				CLANG_WARN_NON_LITERAL_NULL_CONVERSION = YES;
				CLANG_WARN_OBJC_IMPLICIT_RETAIN_SELF = YES;
				CLANG_WARN_OBJC_LITERAL_CONVERSION = YES;
				CLANG_WARN_OBJC_ROOT_CLASS = YES_ERROR;
				CLANG_WARN_QUOTED_INCLUDE_IN_FRAMEWORK_HEADER = YES;
				CLANG_WARN_RANGE_LOOP_ANALYSIS = YES;
				CLANG_WARN_STRICT_PROTOTYPES = YES;
				CLANG_WARN_SUSPICIOUS_MOVE = YES;
				CLANG_WARN_UNGUARDED_AVAILABILITY = YES_AGGRESSIVE;
				CLANG_WARN_UNREACHABLE_CODE = YES;
				CLANG_WARN__DUPLICATE_METHOD_MATCH = YES;
				COPY_PHASE_STRIP = NO;
				DEBUG_INFORMATION_FORMAT = "dwarf-with-dsym";
				ENABLE_NS_ASSERTIONS = NO;
				ENABLE_STRICT_OBJC_MSGSEND = YES;
				ENABLE_USER_SCRIPT_SANDBOXING = YES;
				GCC_C_LANGUAGE_STANDARD = gnu11;
				GCC_NO_COMMON_BLOCKS = YES;
				GCC_WARN_64_TO_32_BIT_CONVERSION = YES;
				GCC_WARN_ABOUT_RETURN_TYPE = YES_ERROR;
				GCC_WARN_UNDECLARED_SELECTOR = YES;
				GCC_WARN_UNINITIALIZED_AUTOS = YES_AGGRESSIVE;
				GCC_WARN_UNUSED_FUNCTION = YES;
				GCC_WARN_UNUSED_VARIABLE = YES;
				IPHONEOS_DEPLOYMENT_TARGET = 17.0;
				MACOSX_DEPLOYMENT_TARGET = 14.0;
				MTL_ENABLE_DEBUG_INFO = NO;
				MTL_FAST_MATH = YES;
				SDKROOT = iphoneos;
				SWIFT_COMPILATION_MODE = wholemodule;
				SWIFT_OPTIMIZATION_LEVEL = "-O";
				SWIFT_STRICT_CONCURRENCY = complete;
				VALIDATE_PRODUCT = YES;
				WATCHOS_DEPLOYMENT_TARGET = 10.0;
				XROS_DEPLOYMENT_TARGET = 1.0;
			};
			name = Release;
		};
		1B31BAAD23EC824200B6E63A /* Debug */ = {
			isa = XCBuildConfiguration;
			buildSettings = {
				ASSETCATALOG_COMPILER_APPICON_NAME = App;
				CODE_SIGN_ENTITLEMENTS = "My Assets/My Assets.entitlements";
				CODE_SIGN_STYLE = Automatic;
				CURRENT_PROJECT_VERSION = 8;
				DEVELOPMENT_TEAM = VA3SY54YU8;
				ENABLE_APP_SANDBOX = YES;
				ENABLE_HARDENED_RUNTIME = YES;
				ENABLE_OUTGOING_NETWORK_CONNECTIONS = YES;
				ENABLE_PREVIEWS = YES;
				INFOPLIST_FILE = "My Assets/Info.plist";
				INFOPLIST_KEY_LSApplicationCategoryType = "public.app-category.finance";
				IPHONEOS_DEPLOYMENT_TARGET = 26.0;
				LD_RUNPATH_SEARCH_PATHS = (
					"$(inherited)",
					"@executable_path/Frameworks",
				);
				MACOSX_DEPLOYMENT_TARGET = 26.0;
				MARKETING_VERSION = 2.1;
				PRODUCT_BUNDLE_IDENTIFIER = com.jaydenirwin.myassets;
				PRODUCT_NAME = "$(TARGET_NAME)";
				REGISTER_APP_GROUPS = YES;
				SDKROOT = xros;
				SUPPORTED_PLATFORMS = "iphoneos iphonesimulator macosx xros xrsimulator";
				SUPPORTS_MACCATALYST = NO;
				SUPPORTS_MAC_DESIGNED_FOR_IPHONE_IPAD = NO;
				SUPPORTS_XR_DESIGNED_FOR_IPHONE_IPAD = NO;
				SWIFT_VERSION = 5.0;
				TARGETED_DEVICE_FAMILY = "1,2,6,7";
				XROS_DEPLOYMENT_TARGET = 26.0;
			};
			name = Debug;
		};
		1B31BAAE23EC824200B6E63A /* Release */ = {
			isa = XCBuildConfiguration;
			buildSettings = {
				ASSETCATALOG_COMPILER_APPICON_NAME = App;
				CODE_SIGN_ENTITLEMENTS = "My Assets/My Assets.entitlements";
				CODE_SIGN_STYLE = Automatic;
				CURRENT_PROJECT_VERSION = 8;
				DEVELOPMENT_TEAM = VA3SY54YU8;
				ENABLE_APP_SANDBOX = YES;
				ENABLE_HARDENED_RUNTIME = YES;
				ENABLE_OUTGOING_NETWORK_CONNECTIONS = YES;
				ENABLE_PREVIEWS = YES;
				INFOPLIST_FILE = "My Assets/Info.plist";
				INFOPLIST_KEY_LSApplicationCategoryType = "public.app-category.finance";
				IPHONEOS_DEPLOYMENT_TARGET = 26.0;
				LD_RUNPATH_SEARCH_PATHS = (
					"$(inherited)",
					"@executable_path/Frameworks",
				);
				MACOSX_DEPLOYMENT_TARGET = 26.0;
				MARKETING_VERSION = 2.1;
				PRODUCT_BUNDLE_IDENTIFIER = com.jaydenirwin.myassets;
				PRODUCT_NAME = "$(TARGET_NAME)";
				REGISTER_APP_GROUPS = YES;
				SDKROOT = xros;
				SUPPORTED_PLATFORMS = "iphoneos iphonesimulator macosx xros xrsimulator";
				SUPPORTS_MACCATALYST = NO;
				SUPPORTS_MAC_DESIGNED_FOR_IPHONE_IPAD = NO;
				SUPPORTS_XR_DESIGNED_FOR_IPHONE_IPAD = NO;
				SWIFT_VERSION = 5.0;
				TARGETED_DEVICE_FAMILY = "1,2,6,7";
				XROS_DEPLOYMENT_TARGET = 26.0;
			};
			name = Release;
		};
		1BE1624E2A74928D00E4907D /* Debug */ = {
			isa = XCBuildConfiguration;
			buildSettings = {
				ASSETCATALOG_COMPILER_APPICON_NAME = App;
				ASSETCATALOG_COMPILER_GENERATE_SWIFT_ASSET_SYMBOL_EXTENSIONS = YES;
				ASSETCATALOG_COMPILER_GLOBAL_ACCENT_COLOR_NAME = AccentColor;
				CLANG_CXX_LANGUAGE_STANDARD = "gnu++20";
				CODE_SIGN_ENTITLEMENTS = "My Assets (watchOS) Watch App/My Assets (watchOS) Watch App.entitlements";
				CODE_SIGN_STYLE = Automatic;
				CURRENT_PROJECT_VERSION = 8;
				DEVELOPMENT_ASSET_PATHS = "\"My Assets (watchOS) Watch App/Preview Content\"";
				DEVELOPMENT_TEAM = VA3SY54YU8;
				ENABLE_PREVIEWS = YES;
				GCC_C_LANGUAGE_STANDARD = gnu17;
				GENERATE_INFOPLIST_FILE = YES;
				INFOPLIST_FILE = "My-Assets--watchOS--Watch-App-Info.plist";
				INFOPLIST_KEY_UISupportedInterfaceOrientations = "UIInterfaceOrientationPortrait UIInterfaceOrientationPortraitUpsideDown";
				INFOPLIST_KEY_WKCompanionAppBundleIdentifier = com.jaydenirwin.myassets;
				LD_RUNPATH_SEARCH_PATHS = (
					"$(inherited)",
					"@executable_path/Frameworks",
				);
				LOCALIZATION_PREFERS_STRING_CATALOGS = YES;
				MARKETING_VERSION = 2.1;
				PRODUCT_BUNDLE_IDENTIFIER = com.jaydenirwin.myassets.watchkitapp;
				PRODUCT_NAME = "My Assets";
				SDKROOT = watchos;
				SKIP_INSTALL = YES;
				SWIFT_ACTIVE_COMPILATION_CONDITIONS = "DEBUG $(inherited)";
				SWIFT_EMIT_LOC_STRINGS = YES;
				SWIFT_VERSION = 5.0;
				TARGETED_DEVICE_FAMILY = 4;
				WATCHOS_DEPLOYMENT_TARGET = 26.0;
			};
			name = Debug;
		};
		1BE1624F2A74928D00E4907D /* Release */ = {
			isa = XCBuildConfiguration;
			buildSettings = {
				ASSETCATALOG_COMPILER_APPICON_NAME = App;
				ASSETCATALOG_COMPILER_GENERATE_SWIFT_ASSET_SYMBOL_EXTENSIONS = YES;
				ASSETCATALOG_COMPILER_GLOBAL_ACCENT_COLOR_NAME = AccentColor;
				CLANG_CXX_LANGUAGE_STANDARD = "gnu++20";
				CODE_SIGN_ENTITLEMENTS = "My Assets (watchOS) Watch App/My Assets (watchOS) Watch App.entitlements";
				CODE_SIGN_STYLE = Automatic;
				CURRENT_PROJECT_VERSION = 8;
				DEVELOPMENT_ASSET_PATHS = "\"My Assets (watchOS) Watch App/Preview Content\"";
				DEVELOPMENT_TEAM = VA3SY54YU8;
				ENABLE_PREVIEWS = YES;
				GCC_C_LANGUAGE_STANDARD = gnu17;
				GENERATE_INFOPLIST_FILE = YES;
				INFOPLIST_FILE = "My-Assets--watchOS--Watch-App-Info.plist";
				INFOPLIST_KEY_UISupportedInterfaceOrientations = "UIInterfaceOrientationPortrait UIInterfaceOrientationPortraitUpsideDown";
				INFOPLIST_KEY_WKCompanionAppBundleIdentifier = com.jaydenirwin.myassets;
				LD_RUNPATH_SEARCH_PATHS = (
					"$(inherited)",
					"@executable_path/Frameworks",
				);
				LOCALIZATION_PREFERS_STRING_CATALOGS = YES;
				MARKETING_VERSION = 2.1;
				PRODUCT_BUNDLE_IDENTIFIER = com.jaydenirwin.myassets.watchkitapp;
				PRODUCT_NAME = "My Assets";
				SDKROOT = watchos;
				SKIP_INSTALL = YES;
				SWIFT_EMIT_LOC_STRINGS = YES;
				SWIFT_VERSION = 5.0;
				TARGETED_DEVICE_FAMILY = 4;
				WATCHOS_DEPLOYMENT_TARGET = 26.0;
			};
			name = Release;
		};
/* End XCBuildConfiguration section */

/* Begin XCConfigurationList section */
		1B3193A6282DDCDF00AA2038 /* Build configuration list for PBXNativeTarget "My AssetsTests" */ = {
			isa = XCConfigurationList;
			buildConfigurations = (
				1B3193A4282DDCDF00AA2038 /* Debug */,
				1B3193A5282DDCDF00AA2038 /* Release */,
			);
			defaultConfigurationIsVisible = 0;
			defaultConfigurationName = Release;
		};
		1B31BA9323EC823F00B6E63A /* Build configuration list for PBXProject "My Assets" */ = {
			isa = XCConfigurationList;
			buildConfigurations = (
				1B31BAAA23EC824200B6E63A /* Debug */,
				1B31BAAB23EC824200B6E63A /* Release */,
			);
			defaultConfigurationIsVisible = 0;
			defaultConfigurationName = Release;
		};
		1B31BAAC23EC824200B6E63A /* Build configuration list for PBXNativeTarget "My Assets" */ = {
			isa = XCConfigurationList;
			buildConfigurations = (
				1B31BAAD23EC824200B6E63A /* Debug */,
				1B31BAAE23EC824200B6E63A /* Release */,
			);
			defaultConfigurationIsVisible = 0;
			defaultConfigurationName = Release;
		};
		1BE162502A74928D00E4907D /* Build configuration list for PBXNativeTarget "My Assets (watchOS) Watch App" */ = {
			isa = XCConfigurationList;
			buildConfigurations = (
				1BE1624E2A74928D00E4907D /* Debug */,
				1BE1624F2A74928D00E4907D /* Release */,
			);
			defaultConfigurationIsVisible = 0;
			defaultConfigurationName = Release;
		};
/* End XCConfigurationList section */
	};
	rootObject = 1B31BA9023EC823F00B6E63A /* Project object */;
}
