{
  "pins" : [
    {
      "identity" : "jaydencodegenerator",
      "kind" : "remoteSourceControl",
      "location" : "https://github.com/JaydenIrwin/JaydenCodeGenerator",
      "state" : {
        "branch" : "main",
        "revision" : "f83b4099f6141090ab81ae42a09b6a52aa03cde9"
      }
    },
    {
      "identity" : "welcomekit",
      "kind" : "remoteSourceControl",
      "location" : "https://github.com/256Arts/WelcomeKit",
      "state" : {
        "revision" : "f4d577a59ead9db569fd04645e7da91dd90daf93",
        "version" : "1.1.0"
      }
    }
  ],
  "version" : 2
}
